
Microsoft Visual Studio Solution File, Format Version 12.00
# Visual Studio 15
VisualStudioVersion = 15.0.28307.1259
MinimumVisualStudioVersion = 10.0.40219.1
Project("{8BC9CEB8-8B4A-11D0-8D11-00A0C91BC942}") = "Learning_CPP", "Learning_CPP\Learning_CPP.vcxproj", "{A499F53F-9606-4010-8C43-12B4425ADAFE}"
EndProject
Project("{8BC9CEB8-8B4A-11D0-8D11-00A0C91BC942}") = "Chapter3_1(operators)", "Chapter3_1(operators)\Chapter3_1(operators).vcxproj", "{CF303E78-E414-4718-A56C-1270A4F36989}"
EndProject
Project("{8BC9CEB8-8B4A-11D0-8D11-00A0C91BC942}") = "Chapter3_2(arithmetic operators)", "Chapter3_2(arithmetic operators)\Chapter3_2(arithmetic operators).vcxproj", "{1A4AE7C2-6D8C-4307-9580-0B49D39A1279}"
EndProject
Project("{8BC9CEB8-8B4A-11D0-8D11-00A0C91BC942}") = "Chapter2_8(literal constants)", "Chapter2_8(literal constants)\Chapter2_8(literal constants).vcxproj", "{FA55DE1C-BE49-460C-B027-894A1893A8DC}"
EndProject
Project("{8BC9CEB8-8B4A-11D0-8D11-00A0C91BC942}") = "Chapter2_9(symbolic constants)", "Chapter2_9(symbolic constants)\Chapter2_9(symbolic constants).vcxproj", "{286BAB28-CFDE-4486-8A8C-2F59BAE2C50F}"
EndProject
Project("{8BC9CEB8-8B4A-11D0-8D11-00A0C91BC942}") = "Chapter3_3(increment_decrement operators)", "Chapter3_3(increment_decrement operators)\Chapter3_3(increment_decrement operators).vcxproj", "{0FF8665D-367C-4771-9BB1-285FEB0804ED}"
EndProject
Project("{8BC9CEB8-8B4A-11D0-8D11-00A0C91BC942}") = "Chapter3_4(size of, comma, conditional operator)", "Chapter3_4(size of, comma, conditional operator)\Chapter3_4(size of, comma, conditional operator).vcxproj", "{F08D9015-C12B-4591-A858-9C2B8737EE81}"
EndProject
Project("{8BC9CEB8-8B4A-11D0-8D11-00A0C91BC942}") = "Chapter3_5(relational operators)", "Chapter3_5(relational operators)\Chapter3_5(relational operators).vcxproj", "{82F3552A-0BE3-41D3-902D-180A13C0AC42}"
EndProject
Project("{8BC9CEB8-8B4A-11D0-8D11-00A0C91BC942}") = "Chapter3_6(logical operators)", "Chapter3_6(logical operators)\Chapter3_6(logical operators).vcxproj", "{B63F64F8-5E6E-44AF-816B-E0BD4649297B}"
EndProject
Project("{8BC9CEB8-8B4A-11D0-8D11-00A0C91BC942}") = "Chapter3_7(binary numbers)", "Chapter3_7(binary numbers)\Chapter3_7(binary numbers).vcxproj", "{767A9AA3-6A3F-4AC3-B985-950761C04F38}"
EndProject
Global
	GlobalSection(SolutionConfigurationPlatforms) = preSolution
		Debug|x64 = Debug|x64
		Debug|x86 = Debug|x86
		Release|x64 = Release|x64
		Release|x86 = Release|x86
	EndGlobalSection
	GlobalSection(ProjectConfigurationPlatforms) = postSolution
		{A499F53F-9606-4010-8C43-12B4425ADAFE}.Debug|x64.ActiveCfg = Debug|x64
		{A499F53F-9606-4010-8C43-12B4425ADAFE}.Debug|x64.Build.0 = Debug|x64
		{A499F53F-9606-4010-8C43-12B4425ADAFE}.Debug|x86.ActiveCfg = Debug|Win32
		{A499F53F-9606-4010-8C43-12B4425ADAFE}.Debug|x86.Build.0 = Debug|Win32
		{A499F53F-9606-4010-8C43-12B4425ADAFE}.Release|x64.ActiveCfg = Release|x64
		{A499F53F-9606-4010-8C43-12B4425ADAFE}.Release|x64.Build.0 = Release|x64
		{A499F53F-9606-4010-8C43-12B4425ADAFE}.Release|x86.ActiveCfg = Release|Win32
		{A499F53F-9606-4010-8C43-12B4425ADAFE}.Release|x86.Build.0 = Release|Win32
		{CF303E78-E414-4718-A56C-1270A4F36989}.Debug|x64.ActiveCfg = Debug|x64
		{CF303E78-E414-4718-A56C-1270A4F36989}.Debug|x64.Build.0 = Debug|x64
		{CF303E78-E414-4718-A56C-1270A4F36989}.Debug|x86.ActiveCfg = Debug|Win32
		{CF303E78-E414-4718-A56C-1270A4F36989}.Debug|x86.Build.0 = Debug|Win32
		{CF303E78-E414-4718-A56C-1270A4F36989}.Release|x64.ActiveCfg = Release|x64
		{CF303E78-E414-4718-A56C-1270A4F36989}.Release|x64.Build.0 = Release|x64
		{CF303E78-E414-4718-A56C-1270A4F36989}.Release|x86.ActiveCfg = Release|Win32
		{CF303E78-E414-4718-A56C-1270A4F36989}.Release|x86.Build.0 = Release|Win32
		{1A4AE7C2-6D8C-4307-9580-0B49D39A1279}.Debug|x64.ActiveCfg = Debug|x64
		{1A4AE7C2-6D8C-4307-9580-0B49D39A1279}.Debug|x64.Build.0 = Debug|x64
		{1A4AE7C2-6D8C-4307-9580-0B49D39A1279}.Debug|x86.ActiveCfg = Debug|Win32
		{1A4AE7C2-6D8C-4307-9580-0B49D39A1279}.Debug|x86.Build.0 = Debug|Win32
		{1A4AE7C2-6D8C-4307-9580-0B49D39A1279}.Release|x64.ActiveCfg = Release|x64
		{1A4AE7C2-6D8C-4307-9580-0B49D39A1279}.Release|x64.Build.0 = Release|x64
		{1A4AE7C2-6D8C-4307-9580-0B49D39A1279}.Release|x86.ActiveCfg = Release|Win32
		{1A4AE7C2-6D8C-4307-9580-0B49D39A1279}.Release|x86.Build.0 = Release|Win32
		{FA55DE1C-BE49-460C-B027-894A1893A8DC}.Debug|x64.ActiveCfg = Debug|x64
		{FA55DE1C-BE49-460C-B027-894A1893A8DC}.Debug|x64.Build.0 = Debug|x64
		{FA55DE1C-BE49-460C-B027-894A1893A8DC}.Debug|x86.ActiveCfg = Debug|Win32
		{FA55DE1C-BE49-460C-B027-894A1893A8DC}.Debug|x86.Build.0 = Debug|Win32
		{FA55DE1C-BE49-460C-B027-894A1893A8DC}.Release|x64.ActiveCfg = Release|x64
		{FA55DE1C-BE49-460C-B027-894A1893A8DC}.Release|x64.Build.0 = Release|x64
		{FA55DE1C-BE49-460C-B027-894A1893A8DC}.Release|x86.ActiveCfg = Release|Win32
		{FA55DE1C-BE49-460C-B027-894A1893A8DC}.Release|x86.Build.0 = Release|Win32
		{286BAB28-CFDE-4486-8A8C-2F59BAE2C50F}.Debug|x64.ActiveCfg = Debug|x64
		{286BAB28-CFDE-4486-8A8C-2F59BAE2C50F}.Debug|x64.Build.0 = Debug|x64
		{286BAB28-CFDE-4486-8A8C-2F59BAE2C50F}.Debug|x86.ActiveCfg = Debug|Win32
		{286BAB28-CFDE-4486-8A8C-2F59BAE2C50F}.Debug|x86.Build.0 = Debug|Win32
		{286BAB28-CFDE-4486-8A8C-2F59BAE2C50F}.Release|x64.ActiveCfg = Release|x64
		{286BAB28-CFDE-4486-8A8C-2F59BAE2C50F}.Release|x64.Build.0 = Release|x64
		{286BAB28-CFDE-4486-8A8C-2F59BAE2C50F}.Release|x86.ActiveCfg = Release|Win32
		{286BAB28-CFDE-4486-8A8C-2F59BAE2C50F}.Release|x86.Build.0 = Release|Win32
		{0FF8665D-367C-4771-9BB1-285FEB0804ED}.Debug|x64.ActiveCfg = Debug|x64
		{0FF8665D-367C-4771-9BB1-285FEB0804ED}.Debug|x64.Build.0 = Debug|x64
		{0FF8665D-367C-4771-9BB1-285FEB0804ED}.Debug|x86.ActiveCfg = Debug|Win32
		{0FF8665D-367C-4771-9BB1-285FEB0804ED}.Debug|x86.Build.0 = Debug|Win32
		{0FF8665D-367C-4771-9BB1-285FEB0804ED}.Release|x64.ActiveCfg = Release|x64
		{0FF8665D-367C-4771-9BB1-285FEB0804ED}.Release|x64.Build.0 = Release|x64
		{0FF8665D-367C-4771-9BB1-285FEB0804ED}.Release|x86.ActiveCfg = Release|Win32
		{0FF8665D-367C-4771-9BB1-285FEB0804ED}.Release|x86.Build.0 = Release|Win32
		{F08D9015-C12B-4591-A858-9C2B8737EE81}.Debug|x64.ActiveCfg = Debug|x64
		{F08D9015-C12B-4591-A858-9C2B8737EE81}.Debug|x64.Build.0 = Debug|x64
		{F08D9015-C12B-4591-A858-9C2B8737EE81}.Debug|x86.ActiveCfg = Debug|Win32
		{F08D9015-C12B-4591-A858-9C2B8737EE81}.Debug|x86.Build.0 = Debug|Win32
		{F08D9015-C12B-4591-A858-9C2B8737EE81}.Release|x64.ActiveCfg = Release|x64
		{F08D9015-C12B-4591-A858-9C2B8737EE81}.Release|x64.Build.0 = Release|x64
		{F08D9015-C12B-4591-A858-9C2B8737EE81}.Release|x86.ActiveCfg = Release|Win32
		{F08D9015-C12B-4591-A858-9C2B8737EE81}.Release|x86.Build.0 = Release|Win32
		{82F3552A-0BE3-41D3-902D-180A13C0AC42}.Debug|x64.ActiveCfg = Debug|x64
		{82F3552A-0BE3-41D3-902D-180A13C0AC42}.Debug|x64.Build.0 = Debug|x64
		{82F3552A-0BE3-41D3-902D-180A13C0AC42}.Debug|x86.ActiveCfg = Debug|Win32
		{82F3552A-0BE3-41D3-902D-180A13C0AC42}.Debug|x86.Build.0 = Debug|Win32
		{82F3552A-0BE3-41D3-902D-180A13C0AC42}.Release|x64.ActiveCfg = Release|x64
		{82F3552A-0BE3-41D3-902D-180A13C0AC42}.Release|x64.Build.0 = Release|x64
		{82F3552A-0BE3-41D3-902D-180A13C0AC42}.Release|x86.ActiveCfg = Release|Win32
		{82F3552A-0BE3-41D3-902D-180A13C0AC42}.Release|x86.Build.0 = Release|Win32
		{B63F64F8-5E6E-44AF-816B-E0BD4649297B}.Debug|x64.ActiveCfg = Debug|x64
		{B63F64F8-5E6E-44AF-816B-E0BD4649297B}.Debug|x64.Build.0 = Debug|x64
		{B63F64F8-5E6E-44AF-816B-E0BD4649297B}.Debug|x86.ActiveCfg = Debug|Win32
		{B63F64F8-5E6E-44AF-816B-E0BD4649297B}.Debug|x86.Build.0 = Debug|Win32
		{B63F64F8-5E6E-44AF-816B-E0BD4649297B}.Release|x64.ActiveCfg = Release|x64
		{B63F64F8-5E6E-44AF-816B-E0BD4649297B}.Release|x64.Build.0 = Release|x64
		{B63F64F8-5E6E-44AF-816B-E0BD4649297B}.Release|x86.ActiveCfg = Release|Win32
		{B63F64F8-5E6E-44AF-816B-E0BD4649297B}.Release|x86.Build.0 = Release|Win32
		{767A9AA3-6A3F-4AC3-B985-950761C04F38}.Debug|x64.ActiveCfg = Debug|x64
		{767A9AA3-6A3F-4AC3-B985-950761C04F38}.Debug|x64.Build.0 = Debug|x64
		{767A9AA3-6A3F-4AC3-B985-950761C04F38}.Debug|x86.ActiveCfg = Debug|Win32
		{767A9AA3-6A3F-4AC3-B985-950761C04F38}.Debug|x86.Build.0 = Debug|Win32
		{767A9AA3-6A3F-4AC3-B985-950761C04F38}.Release|x64.ActiveCfg = Release|x64
		{767A9AA3-6A3F-4AC3-B985-950761C04F38}.Release|x64.Build.0 = Release|x64
		{767A9AA3-6A3F-4AC3-B985-950761C04F38}.Release|x86.ActiveCfg = Release|Win32
		{767A9AA3-6A3F-4AC3-B985-950761C04F38}.Release|x86.Build.0 = Release|Win32
	EndGlobalSection
	GlobalSection(SolutionProperties) = preSolution
		HideSolutionNode = FALSE
	EndGlobalSection
	GlobalSection(ExtensibilityGlobals) = postSolution
		SolutionGuid = {0535FDCB-7BBB-4D46-9FEC-70574108DCEE}
	EndGlobalSection
EndGlobal
