
Microsoft Visual Studio Solution File, Format Version 12.00
# Visual Studio 15
VisualStudioVersion = 15.0.28307.1259
MinimumVisualStudioVersion = 10.0.40219.1
Project("{8BC9CEB8-8B4A-11D0-8D11-00A0C91BC942}") = "Learning_CPP", "Learning_CPP\Learning_CPP.vcxproj", "{A499F53F-9606-4010-8C43-12B4425ADAFE}"
EndProject
Project("{8BC9CEB8-8B4A-11D0-8D11-00A0C91BC942}") = "Chapter3_1(operators)", "Chapter3_1(operators)\Chapter3_1(operators).vcxproj", "{CF303E78-E414-4718-A56C-1270A4F36989}"
EndProject
Project("{8BC9CEB8-8B4A-11D0-8D11-00A0C91BC942}") = "Chapter3_2(arithmetic operators)", "Chapter3_2(arithmetic operators)\Chapter3_2(arithmetic operators).vcxproj", "{1A4AE7C2-6D8C-4307-9580-0B49D39A1279}"
EndProject
Project("{8BC9CEB8-8B4A-11D0-8D11-00A0C91BC942}") = "Chapter2_8(literal constants)", "Chapter2_8(literal constants)\Chapter2_8(literal constants).vcxproj", "{FA55DE1C-BE49-460C-B027-894A1893A8DC}"
EndProject
Project("{8BC9CEB8-8B4A-11D0-8D11-00A0C91BC942}") = "Chapter2_9(symbolic constants)", "Chapter2_9(symbolic constants)\Chapter2_9(symbolic constants).vcxproj", "{286BAB28-CFDE-4486-8A8C-2F59BAE2C50F}"
EndProject
Project("{8BC9CEB8-8B4A-11D0-8D11-00A0C91BC942}") = "Chapter3_3(increment_decrement operators)", "Chapter3_3(increment_decrement operators)\Chapter3_3(increment_decrement operators).vcxproj", "{0FF8665D-367C-4771-9BB1-285FEB0804ED}"
EndProject
Project("{8BC9CEB8-8B4A-11D0-8D11-00A0C91BC942}") = "Chapter3_4(size of, comma, conditional operator)", "Chapter3_4(size of, comma, conditional operator)\Chapter3_4(size of, comma, conditional operator).vcxproj", "{F08D9015-C12B-4591-A858-9C2B8737EE81}"
EndProject
Project("{8BC9CEB8-8B4A-11D0-8D11-00A0C91BC942}") = "Chapter3_5(relational operators)", "Chapter3_5(relational operators)\Chapter3_5(relational operators).vcxproj", "{82F3552A-0BE3-41D3-902D-180A13C0AC42}"
EndProject
Project("{8BC9CEB8-8B4A-11D0-8D11-00A0C91BC942}") = "Chapter3_6(logical operators)", "Chapter3_6(logical operators)\Chapter3_6(logical operators).vcxproj", "{B63F64F8-5E6E-44AF-816B-E0BD4649297B}"
EndProject
Project("{8BC9CEB8-8B4A-11D0-8D11-00A0C91BC942}") = "Chapter3_7(binary numbers)", "Chapter3_7(binary numbers)\Chapter3_7(binary numbers).vcxproj", "{767A9AA3-6A3F-4AC3-B985-950761C04F38}"
EndProject
Project("{8BC9CEB8-8B4A-11D0-8D11-00A0C91BC942}") = "Chapter3_8(bitwise operators)", "Chapter3_8(bitwise operators)\Chapter3_8(bitwise operators).vcxproj", "{81F44E57-DCE5-4CF7-9FBF-BC4E6C3913E9}"
EndProject
Project("{8BC9CEB8-8B4A-11D0-8D11-00A0C91BC942}") = "Chapter3_9(bit flags, bit masks)", "Chapter3_9(bit flags, bit masks)\Chapter3_9(bit flags, bit masks).vcxproj", "{23B4B831-8F59-457E-9CEB-E0A6F918F6FC}"
EndProject
Project("{8BC9CEB8-8B4A-11D0-8D11-00A0C91BC942}") = "Chapter4_1(local variable)", "Chapter4_1(local variable)\Chapter4_1(local variable).vcxproj", "{18AC0AA2-2917-47CD-A882-9D78320F97A1}"
EndProject
Project("{8BC9CEB8-8B4A-11D0-8D11-00A0C91BC942}") = "Chapter4_2(global_static variable, internal_external linkage)", "Chapter4_2(global_static variable, internal_external linkage)\Chapter4_2(global_static variable, internal_external linkage).vcxproj", "{092E639B-6C07-4CE9-8D6B-400718B1FE2F}"
EndProject
Project("{8BC9CEB8-8B4A-11D0-8D11-00A0C91BC942}") = "Chapter4_3(using and ambiguity)", "Chapter4_3(using and ambiguity)\Chapter4_3(using and ambiguity).vcxproj", "{1654FB8A-E6C8-44A2-A0C2-DF6BB68A5F76}"
EndProject
Project("{8BC9CEB8-8B4A-11D0-8D11-00A0C91BC942}") = "Chapter4_4(auto and type inference)", "Chapter4_4(auto and type inference)\Chapter4_4(auto and type inference).vcxproj", "{0646724F-1B55-4373-B93B-8FB2AE5EFAA6}"
EndProject
Project("{8BC9CEB8-8B4A-11D0-8D11-00A0C91BC942}") = "Chapter4_5(type conversion)", "Chapter4_5(type conversion)\Chapter4_5(type conversion).vcxproj", "{2352A9A5-4A8F-4B5F-88B4-D5807DA0CBFA}"
EndProject
Project("{8BC9CEB8-8B4A-11D0-8D11-00A0C91BC942}") = "Chapter4_6(string)", "Chapter4_6(string)\Chapter4_6(string).vcxproj", "{7627086F-403F-4067-88F8-8CB5423DAD92}"
EndProject
Project("{8BC9CEB8-8B4A-11D0-8D11-00A0C91BC942}") = "Chapter4_7(enumerated types)", "Chapter4_7(enumerated types)\Chapter4_7(enumerated types).vcxproj", "{2C225E38-622F-4AAD-9F65-B47A812B0BC8}"
EndProject
Project("{8BC9CEB8-8B4A-11D0-8D11-00A0C91BC942}") = "Chapter4_8(scoped enumerations)", "Chapter4_8(scoped enumerations)\Chapter4_8(scoped enumerations).vcxproj", "{1271DCC7-93EF-4AFF-BD5C-47E8634F7C5C}"
EndProject
Project("{8BC9CEB8-8B4A-11D0-8D11-00A0C91BC942}") = "Chapter4_9(type aliases)", "Chapter4_9(type aliases)\Chapter4_9(type aliases).vcxproj", "{3C291862-C6C2-408C-826D-A47FA11B5101}"
EndProject
Project("{8BC9CEB8-8B4A-11D0-8D11-00A0C91BC942}") = "Chapter4_10(struct)", "Chapter4_10(struct)\Chapter4_10(struct).vcxproj", "{FB24FD5A-477B-4DF8-BB59-D375C4652B8A}"
EndProject
Project("{2150E333-8FDC-42A3-9474-1A3956D46DE8}") = "Chapter_02", "Chapter_02", "{76A6F0EF-C39A-4747-9915-CFC265F3AE0E}"
EndProject
Project("{2150E333-8FDC-42A3-9474-1A3956D46DE8}") = "Chapter_03", "Chapter_03", "{236E8711-34BA-4369-B0F1-B7DFBCA87909}"
EndProject
Project("{2150E333-8FDC-42A3-9474-1A3956D46DE8}") = "Chapter_04", "Chapter_04", "{75B1D672-34F7-43ED-A701-78D1F9CDCA38}"
EndProject
Project("{2150E333-8FDC-42A3-9474-1A3956D46DE8}") = "Chapter_05", "Chapter_05", "{D8013AB3-1115-44D6-960D-102246E31656}"
EndProject
Project("{8BC9CEB8-8B4A-11D0-8D11-00A0C91BC942}") = "Chapter5_1(control flow)", "Chapter5_1(control flow)\Chapter5_1(control flow).vcxproj", "{CD62553F-E3CA-4C88-8D07-CCA3487448A3}"
EndProject
Project("{8BC9CEB8-8B4A-11D0-8D11-00A0C91BC942}") = "Chapter5_2(if)", "Chapter5_2(if)\Chapter5_2(if).vcxproj", "{B1585573-3345-4E53-AE9D-7EE2222C9010}"
EndProject
Project("{8BC9CEB8-8B4A-11D0-8D11-00A0C91BC942}") = "Chapter5_3(switch case)", "Chapter5_3(switch case)\Chapter5_3(switch case).vcxproj", "{64139F9B-0EDF-4D3A-85F7-BBC3805C2B8B}"
EndProject
Project("{8BC9CEB8-8B4A-11D0-8D11-00A0C91BC942}") = "Chapter5_4(goto)", "Chapter5_4(goto)\Chapter5_4(goto).vcxproj", "{015467D2-253E-4B90-8956-059E2790BE80}"
EndProject
Project("{8BC9CEB8-8B4A-11D0-8D11-00A0C91BC942}") = "Chapter5_5(while)", "Chapter5_5(while)\Chapter5_5(while).vcxproj", "{3FDA9512-414E-4A28-97E5-D6DDAD5F0028}"
EndProject
Project("{8BC9CEB8-8B4A-11D0-8D11-00A0C91BC942}") = "Chapter5_6(for)", "Chapter5_6(for)\Chapter5_6(for).vcxproj", "{E73090F4-3F79-4854-9EBC-87DC7A589477}"
EndProject
Project("{8BC9CEB8-8B4A-11D0-8D11-00A0C91BC942}") = "Chapter5_7(break, continue)", "Chapter5_7(break, continue)\Chapter5_7(break, continue).vcxproj", "{0D999187-72FB-4541-A4C1-0CEB0055D3F4}"
EndProject
Project("{8BC9CEB8-8B4A-11D0-8D11-00A0C91BC942}") = "Chapter5_8(random numbers)", "Chapter5_8(random numbers)\Chapter5_8(random numbers).vcxproj", "{B3A0782D-2BA0-49CD-BCF6-2964A1913CC1}"
EndProject
Project("{8BC9CEB8-8B4A-11D0-8D11-00A0C91BC942}") = "Chapter5_9(cin)", "Chapter5_9(cin)\Chapter5_9(cin).vcxproj", "{AEDFD369-5173-4D46-AD1D-A9B8466DCE71}"
EndProject
Project("{2150E333-8FDC-42A3-9474-1A3956D46DE8}") = "Chapter_06", "Chapter_06", "{A6813C2C-FEA0-41D5-B8B6-BE39D97B9A64}"
EndProject
Project("{8BC9CEB8-8B4A-11D0-8D11-00A0C91BC942}") = "Chapter6_01(array)", "Chapter6_01(array)\Chapter6_01(array).vcxproj", "{7E617CCE-A059-4E3E-AD31-DEFEA03A08F9}"
EndProject
Project("{8BC9CEB8-8B4A-11D0-8D11-00A0C91BC942}") = "Chapter6_02(array)", "Chapter6_02(array)\Chapter6_02(array).vcxproj", "{6D6DE5BF-B835-438B-9122-6FF3097E87C7}"
EndProject
Project("{8BC9CEB8-8B4A-11D0-8D11-00A0C91BC942}") = "Chapter6_03(array with loop)", "Chapter6_03(array with loop)\Chapter6_03(array with loop).vcxproj", "{E2E482D0-A3DC-4C5F-B472-ABF9B05D16D3}"
EndProject
Project("{8BC9CEB8-8B4A-11D0-8D11-00A0C91BC942}") = "Chapter6_04(array with selection sort)", "Chapter6_04(array with selection sort)\Chapter6_04(array with selection sort).vcxproj", "{6DA02007-B2E6-4E2A-ACC2-DD517CF97C78}"
EndProject
Project("{8BC9CEB8-8B4A-11D0-8D11-00A0C91BC942}") = "Chapter6_05(multi-dimensional array)", "Chapter6_05(multi-dimensional array)\Chapter6_05(multi-dimensional array).vcxproj", "{8C362A75-ABB3-40A5-9FED-7C0B4E47BFA3}"
EndProject
Project("{8BC9CEB8-8B4A-11D0-8D11-00A0C91BC942}") = "Chapter6_06(char array)", "Chapter6_06(char array)\Chapter6_06(char array).vcxproj", "{C0A35598-80DB-4293-99EE-D290EB362D74}"
EndProject
Project("{8BC9CEB8-8B4A-11D0-8D11-00A0C91BC942}") = "Chapter6_07(pointer)", "Chapter6_07(pointer)\Chapter6_07(pointer).vcxproj", "{A83514AE-9E5E-48F5-811A-656171EAB04C}"
EndProject
Project("{8BC9CEB8-8B4A-11D0-8D11-00A0C91BC942}") = "Chapter6_09(pointer with array)", "Chapter6_09(pointer with array)\Chapter6_09(pointer with array).vcxproj", "{29308601-1C1F-4568-B5FC-309774991AD8}"
EndProject
Project("{8BC9CEB8-8B4A-11D0-8D11-00A0C91BC942}") = "Chapter6_08(null pointer)", "Chapter6_08(null pointer)\Chapter6_08(null pointer).vcxproj", "{011B5005-2248-4079-A525-EE5600DC7194}"
EndProject
Project("{8BC9CEB8-8B4A-11D0-8D11-00A0C91BC942}") = "Chapter6_10(pointer arithmetic)", "Chapter6_10(pointer arithmetic)\Chapter6_10(pointer arithmetic).vcxproj", "{0BCDBB2D-A58C-4123-97BC-2502F62BBAF0}"
EndProject
Project("{8BC9CEB8-8B4A-11D0-8D11-00A0C91BC942}") = "Chapter6_11(char symbolic const)", "Chapter6_11(char symbolic const)\Chapter6_11(char symbolic const).vcxproj", "{79B5F981-73A0-4CFF-BAAE-E98B244F7118}"
EndProject
Project("{8BC9CEB8-8B4A-11D0-8D11-00A0C91BC942}") = "Chapter6_12(dynamic allocation)", "Chapter6_12(dynamic allocation)\Chapter6_12(dynamic allocation).vcxproj", "{62F7FE32-4A11-4C83-9DAA-DAEEBED2A5A1}"
EndProject
Project("{8BC9CEB8-8B4A-11D0-8D11-00A0C91BC942}") = "Chapter6_13(dynamically allocating arrays)", "Chapter6_13(dynamically allocating arrays)\Chapter6_13(dynamically allocating arrays).vcxproj", "{955322E0-863C-4A3A-A02A-F41493298130}"
EndProject
Project("{8BC9CEB8-8B4A-11D0-8D11-00A0C91BC942}") = "Chapter6_14(const pointer)", "Chapter6_14(const pointer)\Chapter6_14(const pointer).vcxproj", "{506F76B2-C1F3-4A13-96CE-94D77887443D}"
EndProject
Project("{8BC9CEB8-8B4A-11D0-8D11-00A0C91BC942}") = "Chapter6_15(reference variable)", "Chapter6_15(reference variable)\Chapter6_15(reference variable).vcxproj", "{23B76288-1A4F-4B84-8D7D-18E6DE66E42A}"
EndProject
Project("{8BC9CEB8-8B4A-11D0-8D11-00A0C91BC942}") = "Chapter6_16(const reference)", "Chapter6_16(const reference)\Chapter6_16(const reference).vcxproj", "{D9D0BFB8-0F6F-4CF9-A5AB-B5EDC07E2550}"
EndProject
Project("{8BC9CEB8-8B4A-11D0-8D11-00A0C91BC942}") = "Chapter6_17(member selection operators)", "Chapter6_17(member selection operators)\Chapter6_17(member selection operators).vcxproj", "{374CE00A-7926-41C2-B895-4E8F1F75DFF3}"
EndProject
Project("{8BC9CEB8-8B4A-11D0-8D11-00A0C91BC942}") = "Chapter6_18(foreach)", "Chapter6_18(foreach)\Chapter6_18(foreach).vcxproj", "{EF922F0F-5914-4C35-9B0A-F93AA74E4854}"
EndProject
Project("{8BC9CEB8-8B4A-11D0-8D11-00A0C91BC942}") = "Chapter6_19(void pointer)", "Chapter6_19(void pointer)\Chapter6_19(void pointer).vcxproj", "{6D1DB81B-6A87-48C1-BC50-E1EB15EED5F8}"
EndProject
Project("{8BC9CEB8-8B4A-11D0-8D11-00A0C91BC942}") = "Chapter6_20(dynamic multi-dimentional array)", "Chapter6_20(dynamic multi-dimentional array)\Chapter6_20(dynamic multi-dimentional array).vcxproj", "{6D7BB1EE-1158-4686-8033-DA90A88B118B}"
EndProject
Project("{8BC9CEB8-8B4A-11D0-8D11-00A0C91BC942}") = "Chapter6_21(std_aray)", "Chapter6_21(std_aray)\Chapter6_21(std_aray).vcxproj", "{32F219A8-DA3E-4525-AFF3-EF78933ED672}"
EndProject
Project("{8BC9CEB8-8B4A-11D0-8D11-00A0C91BC942}") = "Chapter6_22(std_vector)", "Chapter6_22(std_vector)\Chapter6_22(std_vector).vcxproj", "{347AA913-6A52-46CD-B4E3-379FDF72C445}"
EndProject
Project("{2150E333-8FDC-42A3-9474-1A3956D46DE8}") = "Chapter_07", "Chapter_07", "{967BF695-7723-4FE8-98D3-6063119A4749}"
EndProject
Project("{8BC9CEB8-8B4A-11D0-8D11-00A0C91BC942}") = "Chapter7_01(parameter and aragument)", "Chapter7_01(parameter and aragument)\Chapter7_01(parameter and aragument).vcxproj", "{74124305-2EFD-454B-9F15-CD639D8864FC}"
EndProject
Project("{8BC9CEB8-8B4A-11D0-8D11-00A0C91BC942}") = "Chapter7_02(call by value)", "Chapter7_02(call by value)\Chapter7_02(call by value).vcxproj", "{A58E5C83-43C1-42ED-9883-5C643A3403E0}"
EndProject
Project("{8BC9CEB8-8B4A-11D0-8D11-00A0C91BC942}") = "Chapter7_03(call by reference)", "Chapter7_03(call by reference)\Chapter7_03(call by reference).vcxproj", "{1109E364-46A0-4D54-9C03-5487682CCAFC}"
EndProject
Project("{8BC9CEB8-8B4A-11D0-8D11-00A0C91BC942}") = "Chapter7_04(call by address)", "Chapter7_04(call by address)\Chapter7_04(call by address).vcxproj", "{AD090482-71AB-47B8-81FE-FEA4796A09FD}"
EndProject
Project("{8BC9CEB8-8B4A-11D0-8D11-00A0C91BC942}") = "Chapter7_05(returning values)", "Chapter7_05(returning values)\Chapter7_05(returning values).vcxproj", "{666EF45F-6CDF-41FF-A196-65168B75190E}"
EndProject
Project("{8BC9CEB8-8B4A-11D0-8D11-00A0C91BC942}") = "Chapter7_06(inline functions)", "Chapter7_06(inline functions)\Chapter7_06(inline functions).vcxproj", "{DF43F090-4768-40CD-825C-055D2158E591}"
EndProject
Project("{8BC9CEB8-8B4A-11D0-8D11-00A0C91BC942}") = "Chapter7_07(function overloading)", "Chapter7_07(function overloading)\Chapter7_07(function overloading).vcxproj", "{9BF87FAD-8C8F-4978-9F1B-FAD8D4EB9B66}"
EndProject
Project("{8BC9CEB8-8B4A-11D0-8D11-00A0C91BC942}") = "Chapter7_08(default parameters)", "Chapter7_08(default parameters)\Chapter7_08(default parameters).vcxproj", "{234EED06-7BC5-4F29-963D-EF94AE4497B4}"
EndProject
Project("{8BC9CEB8-8B4A-11D0-8D11-00A0C91BC942}") = "Chapter7_09(function pointers)", "Chapter7_09(function pointers)\Chapter7_09(function pointers).vcxproj", "{CEB21917-11FF-4B83-B8EE-12CA135C8D3D}"
EndProject
Project("{8BC9CEB8-8B4A-11D0-8D11-00A0C91BC942}") = "Chapter7_10(stack and heap)", "Chapter7_10(stack and heap)\Chapter7_10(stack and heap).vcxproj", "{6421E3F7-6575-4308-A1E5-18A15094D093}"
EndProject
Project("{8BC9CEB8-8B4A-11D0-8D11-00A0C91BC942}") = "Chapter7_11(std vector as stack)", "Chapter7_11(std vector as stack)\Chapter7_11(std vector as stack).vcxproj", "{B87AE011-4920-4C12-AFE9-5D1823BA3AAC}"
EndProject
Project("{8BC9CEB8-8B4A-11D0-8D11-00A0C91BC942}") = "Chapter7_12(recursive function call)", "Chapter7_12(recursive function call)\Chapter7_12(recursive function call).vcxproj", "{FCDC40B9-9C3B-4806-BEAB-07D80F98D907}"
EndProject
Project("{8BC9CEB8-8B4A-11D0-8D11-00A0C91BC942}") = "Chapter7_13(defensive programming)", "Chapter7_13(defensive programming)\Chapter7_13(defensive programming).vcxproj", "{7DA01D6C-1DE0-4F83-A915-7D9ABAB6B4F7}"
EndProject
Project("{8BC9CEB8-8B4A-11D0-8D11-00A0C91BC942}") = "Chapter7_14(assert)", "Chapter7_14(assert)\Chapter7_14(assert).vcxproj", "{D2A89309-4131-495F-9A3C-73E63EB70D82}"
EndProject
Project("{8BC9CEB8-8B4A-11D0-8D11-00A0C91BC942}") = "Chapter7_15(command line arguments)", "Chapter7_15(command line arguments)\Chapter7_15(command line arguments).vcxproj", "{BAD0242E-AD6A-45E9-AE75-67E6DE9E6D3D}"
EndProject
Project("{8BC9CEB8-8B4A-11D0-8D11-00A0C91BC942}") = "Chapter7_16(ellipsis)", "Chapter7_16(ellipsis)\Chapter7_16(ellipsis).vcxproj", "{86FD3AEC-0D66-4D33-AB38-91863CFB507A}"
EndProject
Project("{2150E333-8FDC-42A3-9474-1A3956D46DE8}") = "Chapter_08", "Chapter_08", "{D3B1567D-C1F6-4263-A4E9-14F8AC67AC3B}"
EndProject
Project("{8BC9CEB8-8B4A-11D0-8D11-00A0C91BC942}") = "Chapter8_01(class)", "Chapter8_01(class)\Chapter8_01(class).vcxproj", "{34AFB9E9-0C32-4A36-8625-5956030FEC78}"
EndProject
Project("{8BC9CEB8-8B4A-11D0-8D11-00A0C91BC942}") = "Chapter8_02(encapsulation, access specifiers, access functions)", "Chapter8_02(encapsulation, access specifiers, access functions)\Chapter8_02(encapsulation, access specifiers, access functions).vcxproj", "{4ADAE562-F9A5-4BA4-9AE9-C9527D1FDEF8}"
EndProject
Project("{8BC9CEB8-8B4A-11D0-8D11-00A0C91BC942}") = "Chapter8_03(constructors)", "Chapter8_03(constructors)\Chapter8_03(constructors).vcxproj", "{5245F85A-8DED-4C06-9738-5CF794C35B1E}"
EndProject
Project("{8BC9CEB8-8B4A-11D0-8D11-00A0C91BC942}") = "Chapter8_04(member initializer list)", "Chapter8_04(member initializer list)\Chapter8_04(member initializer list).vcxproj", "{8A07BCB3-BB61-41A8-BDB4-D5E3F08B518B}"
EndProject
Project("{8BC9CEB8-8B4A-11D0-8D11-00A0C91BC942}") = "Chapter8_05(delegating constructors)", "Chapter8_05(delegating constructors)\Chapter8_05(delegating constructors).vcxproj", "{F2320705-195C-4CBB-8C51-ACF94911FCA6}"
EndProject
Project("{8BC9CEB8-8B4A-11D0-8D11-00A0C91BC942}") = "Chapter8_06(destructor)", "Chapter8_06(destructor)\Chapter8_06(destructor).vcxproj", "{915DB667-161A-43B8-96F4-4B16C148C021}"
EndProject
Project("{8BC9CEB8-8B4A-11D0-8D11-00A0C91BC942}") = "Chapter8_07(this pointer, chaining member function)", "Chapter8_07(this pointer, chaining member function)\Chapter8_07(this pointer, chaining member function).vcxproj", "{0376A99C-2608-47A9-A722-2840E33DFA5E}"
EndProject
Project("{8BC9CEB8-8B4A-11D0-8D11-00A0C91BC942}") = "Chapter8_08(class and const)", "Chapter8_08(class and const)\Chapter8_08(class and const).vcxproj", "{FF21E5D8-A93C-4D5B-97B4-DD58F42B2253}"
EndProject
Project("{8BC9CEB8-8B4A-11D0-8D11-00A0C91BC942}") = "Chapter8_09(static member variable)", "Chapter8_09(static member variable)\Chapter8_09(static member variable).vcxproj", "{A6DCA6C0-BE3C-4A4D-87F6-E6DC1877C5AF}"
EndProject
Project("{8BC9CEB8-8B4A-11D0-8D11-00A0C91BC942}") = "Chapter8_10(static member function)", "Chapter8_10(static member function)\Chapter8_10(static member function).vcxproj", "{275FF708-F686-4234-A9B2-9C5398E5908D}"
EndProject
Global
	GlobalSection(SolutionConfigurationPlatforms) = preSolution
		Debug|x64 = Debug|x64
		Debug|x86 = Debug|x86
		Release|x64 = Release|x64
		Release|x86 = Release|x86
	EndGlobalSection
	GlobalSection(ProjectConfigurationPlatforms) = postSolution
		{A499F53F-9606-4010-8C43-12B4425ADAFE}.Debug|x64.ActiveCfg = Debug|x64
		{A499F53F-9606-4010-8C43-12B4425ADAFE}.Debug|x64.Build.0 = Debug|x64
		{A499F53F-9606-4010-8C43-12B4425ADAFE}.Debug|x86.ActiveCfg = Debug|Win32
		{A499F53F-9606-4010-8C43-12B4425ADAFE}.Debug|x86.Build.0 = Debug|Win32
		{A499F53F-9606-4010-8C43-12B4425ADAFE}.Release|x64.ActiveCfg = Release|x64
		{A499F53F-9606-4010-8C43-12B4425ADAFE}.Release|x64.Build.0 = Release|x64
		{A499F53F-9606-4010-8C43-12B4425ADAFE}.Release|x86.ActiveCfg = Release|Win32
		{A499F53F-9606-4010-8C43-12B4425ADAFE}.Release|x86.Build.0 = Release|Win32
		{CF303E78-E414-4718-A56C-1270A4F36989}.Debug|x64.ActiveCfg = Debug|x64
		{CF303E78-E414-4718-A56C-1270A4F36989}.Debug|x64.Build.0 = Debug|x64
		{CF303E78-E414-4718-A56C-1270A4F36989}.Debug|x86.ActiveCfg = Debug|Win32
		{CF303E78-E414-4718-A56C-1270A4F36989}.Debug|x86.Build.0 = Debug|Win32
		{CF303E78-E414-4718-A56C-1270A4F36989}.Release|x64.ActiveCfg = Release|x64
		{CF303E78-E414-4718-A56C-1270A4F36989}.Release|x64.Build.0 = Release|x64
		{CF303E78-E414-4718-A56C-1270A4F36989}.Release|x86.ActiveCfg = Release|Win32
		{CF303E78-E414-4718-A56C-1270A4F36989}.Release|x86.Build.0 = Release|Win32
		{1A4AE7C2-6D8C-4307-9580-0B49D39A1279}.Debug|x64.ActiveCfg = Debug|x64
		{1A4AE7C2-6D8C-4307-9580-0B49D39A1279}.Debug|x64.Build.0 = Debug|x64
		{1A4AE7C2-6D8C-4307-9580-0B49D39A1279}.Debug|x86.ActiveCfg = Debug|Win32
		{1A4AE7C2-6D8C-4307-9580-0B49D39A1279}.Debug|x86.Build.0 = Debug|Win32
		{1A4AE7C2-6D8C-4307-9580-0B49D39A1279}.Release|x64.ActiveCfg = Release|x64
		{1A4AE7C2-6D8C-4307-9580-0B49D39A1279}.Release|x64.Build.0 = Release|x64
		{1A4AE7C2-6D8C-4307-9580-0B49D39A1279}.Release|x86.ActiveCfg = Release|Win32
		{1A4AE7C2-6D8C-4307-9580-0B49D39A1279}.Release|x86.Build.0 = Release|Win32
		{FA55DE1C-BE49-460C-B027-894A1893A8DC}.Debug|x64.ActiveCfg = Debug|x64
		{FA55DE1C-BE49-460C-B027-894A1893A8DC}.Debug|x64.Build.0 = Debug|x64
		{FA55DE1C-BE49-460C-B027-894A1893A8DC}.Debug|x86.ActiveCfg = Debug|Win32
		{FA55DE1C-BE49-460C-B027-894A1893A8DC}.Debug|x86.Build.0 = Debug|Win32
		{FA55DE1C-BE49-460C-B027-894A1893A8DC}.Release|x64.ActiveCfg = Release|x64
		{FA55DE1C-BE49-460C-B027-894A1893A8DC}.Release|x64.Build.0 = Release|x64
		{FA55DE1C-BE49-460C-B027-894A1893A8DC}.Release|x86.ActiveCfg = Release|Win32
		{FA55DE1C-BE49-460C-B027-894A1893A8DC}.Release|x86.Build.0 = Release|Win32
		{286BAB28-CFDE-4486-8A8C-2F59BAE2C50F}.Debug|x64.ActiveCfg = Debug|x64
		{286BAB28-CFDE-4486-8A8C-2F59BAE2C50F}.Debug|x64.Build.0 = Debug|x64
		{286BAB28-CFDE-4486-8A8C-2F59BAE2C50F}.Debug|x86.ActiveCfg = Debug|Win32
		{286BAB28-CFDE-4486-8A8C-2F59BAE2C50F}.Debug|x86.Build.0 = Debug|Win32
		{286BAB28-CFDE-4486-8A8C-2F59BAE2C50F}.Release|x64.ActiveCfg = Release|x64
		{286BAB28-CFDE-4486-8A8C-2F59BAE2C50F}.Release|x64.Build.0 = Release|x64
		{286BAB28-CFDE-4486-8A8C-2F59BAE2C50F}.Release|x86.ActiveCfg = Release|Win32
		{286BAB28-CFDE-4486-8A8C-2F59BAE2C50F}.Release|x86.Build.0 = Release|Win32
		{0FF8665D-367C-4771-9BB1-285FEB0804ED}.Debug|x64.ActiveCfg = Debug|x64
		{0FF8665D-367C-4771-9BB1-285FEB0804ED}.Debug|x64.Build.0 = Debug|x64
		{0FF8665D-367C-4771-9BB1-285FEB0804ED}.Debug|x86.ActiveCfg = Debug|Win32
		{0FF8665D-367C-4771-9BB1-285FEB0804ED}.Debug|x86.Build.0 = Debug|Win32
		{0FF8665D-367C-4771-9BB1-285FEB0804ED}.Release|x64.ActiveCfg = Release|x64
		{0FF8665D-367C-4771-9BB1-285FEB0804ED}.Release|x64.Build.0 = Release|x64
		{0FF8665D-367C-4771-9BB1-285FEB0804ED}.Release|x86.ActiveCfg = Release|Win32
		{0FF8665D-367C-4771-9BB1-285FEB0804ED}.Release|x86.Build.0 = Release|Win32
		{F08D9015-C12B-4591-A858-9C2B8737EE81}.Debug|x64.ActiveCfg = Debug|x64
		{F08D9015-C12B-4591-A858-9C2B8737EE81}.Debug|x64.Build.0 = Debug|x64
		{F08D9015-C12B-4591-A858-9C2B8737EE81}.Debug|x86.ActiveCfg = Debug|Win32
		{F08D9015-C12B-4591-A858-9C2B8737EE81}.Debug|x86.Build.0 = Debug|Win32
		{F08D9015-C12B-4591-A858-9C2B8737EE81}.Release|x64.ActiveCfg = Release|x64
		{F08D9015-C12B-4591-A858-9C2B8737EE81}.Release|x64.Build.0 = Release|x64
		{F08D9015-C12B-4591-A858-9C2B8737EE81}.Release|x86.ActiveCfg = Release|Win32
		{F08D9015-C12B-4591-A858-9C2B8737EE81}.Release|x86.Build.0 = Release|Win32
		{82F3552A-0BE3-41D3-902D-180A13C0AC42}.Debug|x64.ActiveCfg = Debug|x64
		{82F3552A-0BE3-41D3-902D-180A13C0AC42}.Debug|x64.Build.0 = Debug|x64
		{82F3552A-0BE3-41D3-902D-180A13C0AC42}.Debug|x86.ActiveCfg = Debug|Win32
		{82F3552A-0BE3-41D3-902D-180A13C0AC42}.Debug|x86.Build.0 = Debug|Win32
		{82F3552A-0BE3-41D3-902D-180A13C0AC42}.Release|x64.ActiveCfg = Release|x64
		{82F3552A-0BE3-41D3-902D-180A13C0AC42}.Release|x64.Build.0 = Release|x64
		{82F3552A-0BE3-41D3-902D-180A13C0AC42}.Release|x86.ActiveCfg = Release|Win32
		{82F3552A-0BE3-41D3-902D-180A13C0AC42}.Release|x86.Build.0 = Release|Win32
		{B63F64F8-5E6E-44AF-816B-E0BD4649297B}.Debug|x64.ActiveCfg = Debug|x64
		{B63F64F8-5E6E-44AF-816B-E0BD4649297B}.Debug|x64.Build.0 = Debug|x64
		{B63F64F8-5E6E-44AF-816B-E0BD4649297B}.Debug|x86.ActiveCfg = Debug|Win32
		{B63F64F8-5E6E-44AF-816B-E0BD4649297B}.Debug|x86.Build.0 = Debug|Win32
		{B63F64F8-5E6E-44AF-816B-E0BD4649297B}.Release|x64.ActiveCfg = Release|x64
		{B63F64F8-5E6E-44AF-816B-E0BD4649297B}.Release|x64.Build.0 = Release|x64
		{B63F64F8-5E6E-44AF-816B-E0BD4649297B}.Release|x86.ActiveCfg = Release|Win32
		{B63F64F8-5E6E-44AF-816B-E0BD4649297B}.Release|x86.Build.0 = Release|Win32
		{767A9AA3-6A3F-4AC3-B985-950761C04F38}.Debug|x64.ActiveCfg = Debug|x64
		{767A9AA3-6A3F-4AC3-B985-950761C04F38}.Debug|x64.Build.0 = Debug|x64
		{767A9AA3-6A3F-4AC3-B985-950761C04F38}.Debug|x86.ActiveCfg = Debug|Win32
		{767A9AA3-6A3F-4AC3-B985-950761C04F38}.Debug|x86.Build.0 = Debug|Win32
		{767A9AA3-6A3F-4AC3-B985-950761C04F38}.Release|x64.ActiveCfg = Release|x64
		{767A9AA3-6A3F-4AC3-B985-950761C04F38}.Release|x64.Build.0 = Release|x64
		{767A9AA3-6A3F-4AC3-B985-950761C04F38}.Release|x86.ActiveCfg = Release|Win32
		{767A9AA3-6A3F-4AC3-B985-950761C04F38}.Release|x86.Build.0 = Release|Win32
		{81F44E57-DCE5-4CF7-9FBF-BC4E6C3913E9}.Debug|x64.ActiveCfg = Debug|x64
		{81F44E57-DCE5-4CF7-9FBF-BC4E6C3913E9}.Debug|x64.Build.0 = Debug|x64
		{81F44E57-DCE5-4CF7-9FBF-BC4E6C3913E9}.Debug|x86.ActiveCfg = Debug|Win32
		{81F44E57-DCE5-4CF7-9FBF-BC4E6C3913E9}.Debug|x86.Build.0 = Debug|Win32
		{81F44E57-DCE5-4CF7-9FBF-BC4E6C3913E9}.Release|x64.ActiveCfg = Release|x64
		{81F44E57-DCE5-4CF7-9FBF-BC4E6C3913E9}.Release|x64.Build.0 = Release|x64
		{81F44E57-DCE5-4CF7-9FBF-BC4E6C3913E9}.Release|x86.ActiveCfg = Release|Win32
		{81F44E57-DCE5-4CF7-9FBF-BC4E6C3913E9}.Release|x86.Build.0 = Release|Win32
		{23B4B831-8F59-457E-9CEB-E0A6F918F6FC}.Debug|x64.ActiveCfg = Debug|x64
		{23B4B831-8F59-457E-9CEB-E0A6F918F6FC}.Debug|x64.Build.0 = Debug|x64
		{23B4B831-8F59-457E-9CEB-E0A6F918F6FC}.Debug|x86.ActiveCfg = Debug|Win32
		{23B4B831-8F59-457E-9CEB-E0A6F918F6FC}.Debug|x86.Build.0 = Debug|Win32
		{23B4B831-8F59-457E-9CEB-E0A6F918F6FC}.Release|x64.ActiveCfg = Release|x64
		{23B4B831-8F59-457E-9CEB-E0A6F918F6FC}.Release|x64.Build.0 = Release|x64
		{23B4B831-8F59-457E-9CEB-E0A6F918F6FC}.Release|x86.ActiveCfg = Release|Win32
		{23B4B831-8F59-457E-9CEB-E0A6F918F6FC}.Release|x86.Build.0 = Release|Win32
		{18AC0AA2-2917-47CD-A882-9D78320F97A1}.Debug|x64.ActiveCfg = Debug|x64
		{18AC0AA2-2917-47CD-A882-9D78320F97A1}.Debug|x64.Build.0 = Debug|x64
		{18AC0AA2-2917-47CD-A882-9D78320F97A1}.Debug|x86.ActiveCfg = Debug|Win32
		{18AC0AA2-2917-47CD-A882-9D78320F97A1}.Debug|x86.Build.0 = Debug|Win32
		{18AC0AA2-2917-47CD-A882-9D78320F97A1}.Release|x64.ActiveCfg = Release|x64
		{18AC0AA2-2917-47CD-A882-9D78320F97A1}.Release|x64.Build.0 = Release|x64
		{18AC0AA2-2917-47CD-A882-9D78320F97A1}.Release|x86.ActiveCfg = Release|Win32
		{18AC0AA2-2917-47CD-A882-9D78320F97A1}.Release|x86.Build.0 = Release|Win32
		{092E639B-6C07-4CE9-8D6B-400718B1FE2F}.Debug|x64.ActiveCfg = Debug|x64
		{092E639B-6C07-4CE9-8D6B-400718B1FE2F}.Debug|x64.Build.0 = Debug|x64
		{092E639B-6C07-4CE9-8D6B-400718B1FE2F}.Debug|x86.ActiveCfg = Debug|Win32
		{092E639B-6C07-4CE9-8D6B-400718B1FE2F}.Debug|x86.Build.0 = Debug|Win32
		{092E639B-6C07-4CE9-8D6B-400718B1FE2F}.Release|x64.ActiveCfg = Release|x64
		{092E639B-6C07-4CE9-8D6B-400718B1FE2F}.Release|x64.Build.0 = Release|x64
		{092E639B-6C07-4CE9-8D6B-400718B1FE2F}.Release|x86.ActiveCfg = Release|Win32
		{092E639B-6C07-4CE9-8D6B-400718B1FE2F}.Release|x86.Build.0 = Release|Win32
		{1654FB8A-E6C8-44A2-A0C2-DF6BB68A5F76}.Debug|x64.ActiveCfg = Debug|x64
		{1654FB8A-E6C8-44A2-A0C2-DF6BB68A5F76}.Debug|x64.Build.0 = Debug|x64
		{1654FB8A-E6C8-44A2-A0C2-DF6BB68A5F76}.Debug|x86.ActiveCfg = Debug|Win32
		{1654FB8A-E6C8-44A2-A0C2-DF6BB68A5F76}.Debug|x86.Build.0 = Debug|Win32
		{1654FB8A-E6C8-44A2-A0C2-DF6BB68A5F76}.Release|x64.ActiveCfg = Release|x64
		{1654FB8A-E6C8-44A2-A0C2-DF6BB68A5F76}.Release|x64.Build.0 = Release|x64
		{1654FB8A-E6C8-44A2-A0C2-DF6BB68A5F76}.Release|x86.ActiveCfg = Release|Win32
		{1654FB8A-E6C8-44A2-A0C2-DF6BB68A5F76}.Release|x86.Build.0 = Release|Win32
		{0646724F-1B55-4373-B93B-8FB2AE5EFAA6}.Debug|x64.ActiveCfg = Debug|x64
		{0646724F-1B55-4373-B93B-8FB2AE5EFAA6}.Debug|x64.Build.0 = Debug|x64
		{0646724F-1B55-4373-B93B-8FB2AE5EFAA6}.Debug|x86.ActiveCfg = Debug|Win32
		{0646724F-1B55-4373-B93B-8FB2AE5EFAA6}.Debug|x86.Build.0 = Debug|Win32
		{0646724F-1B55-4373-B93B-8FB2AE5EFAA6}.Release|x64.ActiveCfg = Release|x64
		{0646724F-1B55-4373-B93B-8FB2AE5EFAA6}.Release|x64.Build.0 = Release|x64
		{0646724F-1B55-4373-B93B-8FB2AE5EFAA6}.Release|x86.ActiveCfg = Release|Win32
		{0646724F-1B55-4373-B93B-8FB2AE5EFAA6}.Release|x86.Build.0 = Release|Win32
		{2352A9A5-4A8F-4B5F-88B4-D5807DA0CBFA}.Debug|x64.ActiveCfg = Debug|x64
		{2352A9A5-4A8F-4B5F-88B4-D5807DA0CBFA}.Debug|x64.Build.0 = Debug|x64
		{2352A9A5-4A8F-4B5F-88B4-D5807DA0CBFA}.Debug|x86.ActiveCfg = Debug|Win32
		{2352A9A5-4A8F-4B5F-88B4-D5807DA0CBFA}.Debug|x86.Build.0 = Debug|Win32
		{2352A9A5-4A8F-4B5F-88B4-D5807DA0CBFA}.Release|x64.ActiveCfg = Release|x64
		{2352A9A5-4A8F-4B5F-88B4-D5807DA0CBFA}.Release|x64.Build.0 = Release|x64
		{2352A9A5-4A8F-4B5F-88B4-D5807DA0CBFA}.Release|x86.ActiveCfg = Release|Win32
		{2352A9A5-4A8F-4B5F-88B4-D5807DA0CBFA}.Release|x86.Build.0 = Release|Win32
		{7627086F-403F-4067-88F8-8CB5423DAD92}.Debug|x64.ActiveCfg = Debug|x64
		{7627086F-403F-4067-88F8-8CB5423DAD92}.Debug|x64.Build.0 = Debug|x64
		{7627086F-403F-4067-88F8-8CB5423DAD92}.Debug|x86.ActiveCfg = Debug|Win32
		{7627086F-403F-4067-88F8-8CB5423DAD92}.Debug|x86.Build.0 = Debug|Win32
		{7627086F-403F-4067-88F8-8CB5423DAD92}.Release|x64.ActiveCfg = Release|x64
		{7627086F-403F-4067-88F8-8CB5423DAD92}.Release|x64.Build.0 = Release|x64
		{7627086F-403F-4067-88F8-8CB5423DAD92}.Release|x86.ActiveCfg = Release|Win32
		{7627086F-403F-4067-88F8-8CB5423DAD92}.Release|x86.Build.0 = Release|Win32
		{2C225E38-622F-4AAD-9F65-B47A812B0BC8}.Debug|x64.ActiveCfg = Debug|x64
		{2C225E38-622F-4AAD-9F65-B47A812B0BC8}.Debug|x64.Build.0 = Debug|x64
		{2C225E38-622F-4AAD-9F65-B47A812B0BC8}.Debug|x86.ActiveCfg = Debug|Win32
		{2C225E38-622F-4AAD-9F65-B47A812B0BC8}.Debug|x86.Build.0 = Debug|Win32
		{2C225E38-622F-4AAD-9F65-B47A812B0BC8}.Release|x64.ActiveCfg = Release|x64
		{2C225E38-622F-4AAD-9F65-B47A812B0BC8}.Release|x64.Build.0 = Release|x64
		{2C225E38-622F-4AAD-9F65-B47A812B0BC8}.Release|x86.ActiveCfg = Release|Win32
		{2C225E38-622F-4AAD-9F65-B47A812B0BC8}.Release|x86.Build.0 = Release|Win32
		{1271DCC7-93EF-4AFF-BD5C-47E8634F7C5C}.Debug|x64.ActiveCfg = Debug|x64
		{1271DCC7-93EF-4AFF-BD5C-47E8634F7C5C}.Debug|x64.Build.0 = Debug|x64
		{1271DCC7-93EF-4AFF-BD5C-47E8634F7C5C}.Debug|x86.ActiveCfg = Debug|Win32
		{1271DCC7-93EF-4AFF-BD5C-47E8634F7C5C}.Debug|x86.Build.0 = Debug|Win32
		{1271DCC7-93EF-4AFF-BD5C-47E8634F7C5C}.Release|x64.ActiveCfg = Release|x64
		{1271DCC7-93EF-4AFF-BD5C-47E8634F7C5C}.Release|x64.Build.0 = Release|x64
		{1271DCC7-93EF-4AFF-BD5C-47E8634F7C5C}.Release|x86.ActiveCfg = Release|Win32
		{1271DCC7-93EF-4AFF-BD5C-47E8634F7C5C}.Release|x86.Build.0 = Release|Win32
		{3C291862-C6C2-408C-826D-A47FA11B5101}.Debug|x64.ActiveCfg = Debug|x64
		{3C291862-C6C2-408C-826D-A47FA11B5101}.Debug|x64.Build.0 = Debug|x64
		{3C291862-C6C2-408C-826D-A47FA11B5101}.Debug|x86.ActiveCfg = Debug|Win32
		{3C291862-C6C2-408C-826D-A47FA11B5101}.Debug|x86.Build.0 = Debug|Win32
		{3C291862-C6C2-408C-826D-A47FA11B5101}.Release|x64.ActiveCfg = Release|x64
		{3C291862-C6C2-408C-826D-A47FA11B5101}.Release|x64.Build.0 = Release|x64
		{3C291862-C6C2-408C-826D-A47FA11B5101}.Release|x86.ActiveCfg = Release|Win32
		{3C291862-C6C2-408C-826D-A47FA11B5101}.Release|x86.Build.0 = Release|Win32
		{FB24FD5A-477B-4DF8-BB59-D375C4652B8A}.Debug|x64.ActiveCfg = Debug|x64
		{FB24FD5A-477B-4DF8-BB59-D375C4652B8A}.Debug|x64.Build.0 = Debug|x64
		{FB24FD5A-477B-4DF8-BB59-D375C4652B8A}.Debug|x86.ActiveCfg = Debug|Win32
		{FB24FD5A-477B-4DF8-BB59-D375C4652B8A}.Debug|x86.Build.0 = Debug|Win32
		{FB24FD5A-477B-4DF8-BB59-D375C4652B8A}.Release|x64.ActiveCfg = Release|x64
		{FB24FD5A-477B-4DF8-BB59-D375C4652B8A}.Release|x64.Build.0 = Release|x64
		{FB24FD5A-477B-4DF8-BB59-D375C4652B8A}.Release|x86.ActiveCfg = Release|Win32
		{FB24FD5A-477B-4DF8-BB59-D375C4652B8A}.Release|x86.Build.0 = Release|Win32
		{CD62553F-E3CA-4C88-8D07-CCA3487448A3}.Debug|x64.ActiveCfg = Debug|x64
		{CD62553F-E3CA-4C88-8D07-CCA3487448A3}.Debug|x64.Build.0 = Debug|x64
		{CD62553F-E3CA-4C88-8D07-CCA3487448A3}.Debug|x86.ActiveCfg = Debug|Win32
		{CD62553F-E3CA-4C88-8D07-CCA3487448A3}.Debug|x86.Build.0 = Debug|Win32
		{CD62553F-E3CA-4C88-8D07-CCA3487448A3}.Release|x64.ActiveCfg = Release|x64
		{CD62553F-E3CA-4C88-8D07-CCA3487448A3}.Release|x64.Build.0 = Release|x64
		{CD62553F-E3CA-4C88-8D07-CCA3487448A3}.Release|x86.ActiveCfg = Release|Win32
		{CD62553F-E3CA-4C88-8D07-CCA3487448A3}.Release|x86.Build.0 = Release|Win32
		{B1585573-3345-4E53-AE9D-7EE2222C9010}.Debug|x64.ActiveCfg = Debug|x64
		{B1585573-3345-4E53-AE9D-7EE2222C9010}.Debug|x64.Build.0 = Debug|x64
		{B1585573-3345-4E53-AE9D-7EE2222C9010}.Debug|x86.ActiveCfg = Debug|Win32
		{B1585573-3345-4E53-AE9D-7EE2222C9010}.Debug|x86.Build.0 = Debug|Win32
		{B1585573-3345-4E53-AE9D-7EE2222C9010}.Release|x64.ActiveCfg = Release|x64
		{B1585573-3345-4E53-AE9D-7EE2222C9010}.Release|x64.Build.0 = Release|x64
		{B1585573-3345-4E53-AE9D-7EE2222C9010}.Release|x86.ActiveCfg = Release|Win32
		{B1585573-3345-4E53-AE9D-7EE2222C9010}.Release|x86.Build.0 = Release|Win32
		{64139F9B-0EDF-4D3A-85F7-BBC3805C2B8B}.Debug|x64.ActiveCfg = Debug|x64
		{64139F9B-0EDF-4D3A-85F7-BBC3805C2B8B}.Debug|x64.Build.0 = Debug|x64
		{64139F9B-0EDF-4D3A-85F7-BBC3805C2B8B}.Debug|x86.ActiveCfg = Debug|Win32
		{64139F9B-0EDF-4D3A-85F7-BBC3805C2B8B}.Debug|x86.Build.0 = Debug|Win32
		{64139F9B-0EDF-4D3A-85F7-BBC3805C2B8B}.Release|x64.ActiveCfg = Release|x64
		{64139F9B-0EDF-4D3A-85F7-BBC3805C2B8B}.Release|x64.Build.0 = Release|x64
		{64139F9B-0EDF-4D3A-85F7-BBC3805C2B8B}.Release|x86.ActiveCfg = Release|Win32
		{64139F9B-0EDF-4D3A-85F7-BBC3805C2B8B}.Release|x86.Build.0 = Release|Win32
		{015467D2-253E-4B90-8956-059E2790BE80}.Debug|x64.ActiveCfg = Debug|x64
		{015467D2-253E-4B90-8956-059E2790BE80}.Debug|x64.Build.0 = Debug|x64
		{015467D2-253E-4B90-8956-059E2790BE80}.Debug|x86.ActiveCfg = Debug|Win32
		{015467D2-253E-4B90-8956-059E2790BE80}.Debug|x86.Build.0 = Debug|Win32
		{015467D2-253E-4B90-8956-059E2790BE80}.Release|x64.ActiveCfg = Release|x64
		{015467D2-253E-4B90-8956-059E2790BE80}.Release|x64.Build.0 = Release|x64
		{015467D2-253E-4B90-8956-059E2790BE80}.Release|x86.ActiveCfg = Release|Win32
		{015467D2-253E-4B90-8956-059E2790BE80}.Release|x86.Build.0 = Release|Win32
		{3FDA9512-414E-4A28-97E5-D6DDAD5F0028}.Debug|x64.ActiveCfg = Debug|x64
		{3FDA9512-414E-4A28-97E5-D6DDAD5F0028}.Debug|x64.Build.0 = Debug|x64
		{3FDA9512-414E-4A28-97E5-D6DDAD5F0028}.Debug|x86.ActiveCfg = Debug|Win32
		{3FDA9512-414E-4A28-97E5-D6DDAD5F0028}.Debug|x86.Build.0 = Debug|Win32
		{3FDA9512-414E-4A28-97E5-D6DDAD5F0028}.Release|x64.ActiveCfg = Release|x64
		{3FDA9512-414E-4A28-97E5-D6DDAD5F0028}.Release|x64.Build.0 = Release|x64
		{3FDA9512-414E-4A28-97E5-D6DDAD5F0028}.Release|x86.ActiveCfg = Release|Win32
		{3FDA9512-414E-4A28-97E5-D6DDAD5F0028}.Release|x86.Build.0 = Release|Win32
		{E73090F4-3F79-4854-9EBC-87DC7A589477}.Debug|x64.ActiveCfg = Debug|x64
		{E73090F4-3F79-4854-9EBC-87DC7A589477}.Debug|x64.Build.0 = Debug|x64
		{E73090F4-3F79-4854-9EBC-87DC7A589477}.Debug|x86.ActiveCfg = Debug|Win32
		{E73090F4-3F79-4854-9EBC-87DC7A589477}.Debug|x86.Build.0 = Debug|Win32
		{E73090F4-3F79-4854-9EBC-87DC7A589477}.Release|x64.ActiveCfg = Release|x64
		{E73090F4-3F79-4854-9EBC-87DC7A589477}.Release|x64.Build.0 = Release|x64
		{E73090F4-3F79-4854-9EBC-87DC7A589477}.Release|x86.ActiveCfg = Release|Win32
		{E73090F4-3F79-4854-9EBC-87DC7A589477}.Release|x86.Build.0 = Release|Win32
		{0D999187-72FB-4541-A4C1-0CEB0055D3F4}.Debug|x64.ActiveCfg = Debug|x64
		{0D999187-72FB-4541-A4C1-0CEB0055D3F4}.Debug|x64.Build.0 = Debug|x64
		{0D999187-72FB-4541-A4C1-0CEB0055D3F4}.Debug|x86.ActiveCfg = Debug|Win32
		{0D999187-72FB-4541-A4C1-0CEB0055D3F4}.Debug|x86.Build.0 = Debug|Win32
		{0D999187-72FB-4541-A4C1-0CEB0055D3F4}.Release|x64.ActiveCfg = Release|x64
		{0D999187-72FB-4541-A4C1-0CEB0055D3F4}.Release|x64.Build.0 = Release|x64
		{0D999187-72FB-4541-A4C1-0CEB0055D3F4}.Release|x86.ActiveCfg = Release|Win32
		{0D999187-72FB-4541-A4C1-0CEB0055D3F4}.Release|x86.Build.0 = Release|Win32
		{B3A0782D-2BA0-49CD-BCF6-2964A1913CC1}.Debug|x64.ActiveCfg = Debug|x64
		{B3A0782D-2BA0-49CD-BCF6-2964A1913CC1}.Debug|x64.Build.0 = Debug|x64
		{B3A0782D-2BA0-49CD-BCF6-2964A1913CC1}.Debug|x86.ActiveCfg = Debug|Win32
		{B3A0782D-2BA0-49CD-BCF6-2964A1913CC1}.Debug|x86.Build.0 = Debug|Win32
		{B3A0782D-2BA0-49CD-BCF6-2964A1913CC1}.Release|x64.ActiveCfg = Release|x64
		{B3A0782D-2BA0-49CD-BCF6-2964A1913CC1}.Release|x64.Build.0 = Release|x64
		{B3A0782D-2BA0-49CD-BCF6-2964A1913CC1}.Release|x86.ActiveCfg = Release|Win32
		{B3A0782D-2BA0-49CD-BCF6-2964A1913CC1}.Release|x86.Build.0 = Release|Win32
		{AEDFD369-5173-4D46-AD1D-A9B8466DCE71}.Debug|x64.ActiveCfg = Debug|x64
		{AEDFD369-5173-4D46-AD1D-A9B8466DCE71}.Debug|x64.Build.0 = Debug|x64
		{AEDFD369-5173-4D46-AD1D-A9B8466DCE71}.Debug|x86.ActiveCfg = Debug|Win32
		{AEDFD369-5173-4D46-AD1D-A9B8466DCE71}.Debug|x86.Build.0 = Debug|Win32
		{AEDFD369-5173-4D46-AD1D-A9B8466DCE71}.Release|x64.ActiveCfg = Release|x64
		{AEDFD369-5173-4D46-AD1D-A9B8466DCE71}.Release|x64.Build.0 = Release|x64
		{AEDFD369-5173-4D46-AD1D-A9B8466DCE71}.Release|x86.ActiveCfg = Release|Win32
		{AEDFD369-5173-4D46-AD1D-A9B8466DCE71}.Release|x86.Build.0 = Release|Win32
		{7E617CCE-A059-4E3E-AD31-DEFEA03A08F9}.Debug|x64.ActiveCfg = Debug|x64
		{7E617CCE-A059-4E3E-AD31-DEFEA03A08F9}.Debug|x64.Build.0 = Debug|x64
		{7E617CCE-A059-4E3E-AD31-DEFEA03A08F9}.Debug|x86.ActiveCfg = Debug|Win32
		{7E617CCE-A059-4E3E-AD31-DEFEA03A08F9}.Debug|x86.Build.0 = Debug|Win32
		{7E617CCE-A059-4E3E-AD31-DEFEA03A08F9}.Release|x64.ActiveCfg = Release|x64
		{7E617CCE-A059-4E3E-AD31-DEFEA03A08F9}.Release|x64.Build.0 = Release|x64
		{7E617CCE-A059-4E3E-AD31-DEFEA03A08F9}.Release|x86.ActiveCfg = Release|Win32
		{7E617CCE-A059-4E3E-AD31-DEFEA03A08F9}.Release|x86.Build.0 = Release|Win32
		{6D6DE5BF-B835-438B-9122-6FF3097E87C7}.Debug|x64.ActiveCfg = Debug|x64
		{6D6DE5BF-B835-438B-9122-6FF3097E87C7}.Debug|x64.Build.0 = Debug|x64
		{6D6DE5BF-B835-438B-9122-6FF3097E87C7}.Debug|x86.ActiveCfg = Debug|Win32
		{6D6DE5BF-B835-438B-9122-6FF3097E87C7}.Debug|x86.Build.0 = Debug|Win32
		{6D6DE5BF-B835-438B-9122-6FF3097E87C7}.Release|x64.ActiveCfg = Release|x64
		{6D6DE5BF-B835-438B-9122-6FF3097E87C7}.Release|x64.Build.0 = Release|x64
		{6D6DE5BF-B835-438B-9122-6FF3097E87C7}.Release|x86.ActiveCfg = Release|Win32
		{6D6DE5BF-B835-438B-9122-6FF3097E87C7}.Release|x86.Build.0 = Release|Win32
		{E2E482D0-A3DC-4C5F-B472-ABF9B05D16D3}.Debug|x64.ActiveCfg = Debug|x64
		{E2E482D0-A3DC-4C5F-B472-ABF9B05D16D3}.Debug|x64.Build.0 = Debug|x64
		{E2E482D0-A3DC-4C5F-B472-ABF9B05D16D3}.Debug|x86.ActiveCfg = Debug|Win32
		{E2E482D0-A3DC-4C5F-B472-ABF9B05D16D3}.Debug|x86.Build.0 = Debug|Win32
		{E2E482D0-A3DC-4C5F-B472-ABF9B05D16D3}.Release|x64.ActiveCfg = Release|x64
		{E2E482D0-A3DC-4C5F-B472-ABF9B05D16D3}.Release|x64.Build.0 = Release|x64
		{E2E482D0-A3DC-4C5F-B472-ABF9B05D16D3}.Release|x86.ActiveCfg = Release|Win32
		{E2E482D0-A3DC-4C5F-B472-ABF9B05D16D3}.Release|x86.Build.0 = Release|Win32
		{6DA02007-B2E6-4E2A-ACC2-DD517CF97C78}.Debug|x64.ActiveCfg = Debug|x64
		{6DA02007-B2E6-4E2A-ACC2-DD517CF97C78}.Debug|x64.Build.0 = Debug|x64
		{6DA02007-B2E6-4E2A-ACC2-DD517CF97C78}.Debug|x86.ActiveCfg = Debug|Win32
		{6DA02007-B2E6-4E2A-ACC2-DD517CF97C78}.Debug|x86.Build.0 = Debug|Win32
		{6DA02007-B2E6-4E2A-ACC2-DD517CF97C78}.Release|x64.ActiveCfg = Release|x64
		{6DA02007-B2E6-4E2A-ACC2-DD517CF97C78}.Release|x64.Build.0 = Release|x64
		{6DA02007-B2E6-4E2A-ACC2-DD517CF97C78}.Release|x86.ActiveCfg = Release|Win32
		{6DA02007-B2E6-4E2A-ACC2-DD517CF97C78}.Release|x86.Build.0 = Release|Win32
		{8C362A75-ABB3-40A5-9FED-7C0B4E47BFA3}.Debug|x64.ActiveCfg = Debug|x64
		{8C362A75-ABB3-40A5-9FED-7C0B4E47BFA3}.Debug|x64.Build.0 = Debug|x64
		{8C362A75-ABB3-40A5-9FED-7C0B4E47BFA3}.Debug|x86.ActiveCfg = Debug|Win32
		{8C362A75-ABB3-40A5-9FED-7C0B4E47BFA3}.Debug|x86.Build.0 = Debug|Win32
		{8C362A75-ABB3-40A5-9FED-7C0B4E47BFA3}.Release|x64.ActiveCfg = Release|x64
		{8C362A75-ABB3-40A5-9FED-7C0B4E47BFA3}.Release|x64.Build.0 = Release|x64
		{8C362A75-ABB3-40A5-9FED-7C0B4E47BFA3}.Release|x86.ActiveCfg = Release|Win32
		{8C362A75-ABB3-40A5-9FED-7C0B4E47BFA3}.Release|x86.Build.0 = Release|Win32
		{C0A35598-80DB-4293-99EE-D290EB362D74}.Debug|x64.ActiveCfg = Debug|x64
		{C0A35598-80DB-4293-99EE-D290EB362D74}.Debug|x64.Build.0 = Debug|x64
		{C0A35598-80DB-4293-99EE-D290EB362D74}.Debug|x86.ActiveCfg = Debug|Win32
		{C0A35598-80DB-4293-99EE-D290EB362D74}.Debug|x86.Build.0 = Debug|Win32
		{C0A35598-80DB-4293-99EE-D290EB362D74}.Release|x64.ActiveCfg = Release|x64
		{C0A35598-80DB-4293-99EE-D290EB362D74}.Release|x64.Build.0 = Release|x64
		{C0A35598-80DB-4293-99EE-D290EB362D74}.Release|x86.ActiveCfg = Release|Win32
		{C0A35598-80DB-4293-99EE-D290EB362D74}.Release|x86.Build.0 = Release|Win32
		{A83514AE-9E5E-48F5-811A-656171EAB04C}.Debug|x64.ActiveCfg = Debug|x64
		{A83514AE-9E5E-48F5-811A-656171EAB04C}.Debug|x64.Build.0 = Debug|x64
		{A83514AE-9E5E-48F5-811A-656171EAB04C}.Debug|x86.ActiveCfg = Debug|Win32
		{A83514AE-9E5E-48F5-811A-656171EAB04C}.Debug|x86.Build.0 = Debug|Win32
		{A83514AE-9E5E-48F5-811A-656171EAB04C}.Release|x64.ActiveCfg = Release|x64
		{A83514AE-9E5E-48F5-811A-656171EAB04C}.Release|x64.Build.0 = Release|x64
		{A83514AE-9E5E-48F5-811A-656171EAB04C}.Release|x86.ActiveCfg = Release|Win32
		{A83514AE-9E5E-48F5-811A-656171EAB04C}.Release|x86.Build.0 = Release|Win32
		{29308601-1C1F-4568-B5FC-309774991AD8}.Debug|x64.ActiveCfg = Debug|x64
		{29308601-1C1F-4568-B5FC-309774991AD8}.Debug|x64.Build.0 = Debug|x64
		{29308601-1C1F-4568-B5FC-309774991AD8}.Debug|x86.ActiveCfg = Debug|Win32
		{29308601-1C1F-4568-B5FC-309774991AD8}.Debug|x86.Build.0 = Debug|Win32
		{29308601-1C1F-4568-B5FC-309774991AD8}.Release|x64.ActiveCfg = Release|x64
		{29308601-1C1F-4568-B5FC-309774991AD8}.Release|x64.Build.0 = Release|x64
		{29308601-1C1F-4568-B5FC-309774991AD8}.Release|x86.ActiveCfg = Release|Win32
		{29308601-1C1F-4568-B5FC-309774991AD8}.Release|x86.Build.0 = Release|Win32
		{011B5005-2248-4079-A525-EE5600DC7194}.Debug|x64.ActiveCfg = Debug|x64
		{011B5005-2248-4079-A525-EE5600DC7194}.Debug|x64.Build.0 = Debug|x64
		{011B5005-2248-4079-A525-EE5600DC7194}.Debug|x86.ActiveCfg = Debug|Win32
		{011B5005-2248-4079-A525-EE5600DC7194}.Debug|x86.Build.0 = Debug|Win32
		{011B5005-2248-4079-A525-EE5600DC7194}.Release|x64.ActiveCfg = Release|x64
		{011B5005-2248-4079-A525-EE5600DC7194}.Release|x64.Build.0 = Release|x64
		{011B5005-2248-4079-A525-EE5600DC7194}.Release|x86.ActiveCfg = Release|Win32
		{011B5005-2248-4079-A525-EE5600DC7194}.Release|x86.Build.0 = Release|Win32
		{0BCDBB2D-A58C-4123-97BC-2502F62BBAF0}.Debug|x64.ActiveCfg = Debug|x64
		{0BCDBB2D-A58C-4123-97BC-2502F62BBAF0}.Debug|x64.Build.0 = Debug|x64
		{0BCDBB2D-A58C-4123-97BC-2502F62BBAF0}.Debug|x86.ActiveCfg = Debug|Win32
		{0BCDBB2D-A58C-4123-97BC-2502F62BBAF0}.Debug|x86.Build.0 = Debug|Win32
		{0BCDBB2D-A58C-4123-97BC-2502F62BBAF0}.Release|x64.ActiveCfg = Release|x64
		{0BCDBB2D-A58C-4123-97BC-2502F62BBAF0}.Release|x64.Build.0 = Release|x64
		{0BCDBB2D-A58C-4123-97BC-2502F62BBAF0}.Release|x86.ActiveCfg = Release|Win32
		{0BCDBB2D-A58C-4123-97BC-2502F62BBAF0}.Release|x86.Build.0 = Release|Win32
		{79B5F981-73A0-4CFF-BAAE-E98B244F7118}.Debug|x64.ActiveCfg = Debug|x64
		{79B5F981-73A0-4CFF-BAAE-E98B244F7118}.Debug|x64.Build.0 = Debug|x64
		{79B5F981-73A0-4CFF-BAAE-E98B244F7118}.Debug|x86.ActiveCfg = Debug|Win32
		{79B5F981-73A0-4CFF-BAAE-E98B244F7118}.Debug|x86.Build.0 = Debug|Win32
		{79B5F981-73A0-4CFF-BAAE-E98B244F7118}.Release|x64.ActiveCfg = Release|x64
		{79B5F981-73A0-4CFF-BAAE-E98B244F7118}.Release|x64.Build.0 = Release|x64
		{79B5F981-73A0-4CFF-BAAE-E98B244F7118}.Release|x86.ActiveCfg = Release|Win32
		{79B5F981-73A0-4CFF-BAAE-E98B244F7118}.Release|x86.Build.0 = Release|Win32
		{62F7FE32-4A11-4C83-9DAA-DAEEBED2A5A1}.Debug|x64.ActiveCfg = Debug|x64
		{62F7FE32-4A11-4C83-9DAA-DAEEBED2A5A1}.Debug|x64.Build.0 = Debug|x64
		{62F7FE32-4A11-4C83-9DAA-DAEEBED2A5A1}.Debug|x86.ActiveCfg = Debug|Win32
		{62F7FE32-4A11-4C83-9DAA-DAEEBED2A5A1}.Debug|x86.Build.0 = Debug|Win32
		{62F7FE32-4A11-4C83-9DAA-DAEEBED2A5A1}.Release|x64.ActiveCfg = Release|x64
		{62F7FE32-4A11-4C83-9DAA-DAEEBED2A5A1}.Release|x64.Build.0 = Release|x64
		{62F7FE32-4A11-4C83-9DAA-DAEEBED2A5A1}.Release|x86.ActiveCfg = Release|Win32
		{62F7FE32-4A11-4C83-9DAA-DAEEBED2A5A1}.Release|x86.Build.0 = Release|Win32
		{955322E0-863C-4A3A-A02A-F41493298130}.Debug|x64.ActiveCfg = Debug|x64
		{955322E0-863C-4A3A-A02A-F41493298130}.Debug|x64.Build.0 = Debug|x64
		{955322E0-863C-4A3A-A02A-F41493298130}.Debug|x86.ActiveCfg = Debug|Win32
		{955322E0-863C-4A3A-A02A-F41493298130}.Debug|x86.Build.0 = Debug|Win32
		{955322E0-863C-4A3A-A02A-F41493298130}.Release|x64.ActiveCfg = Release|x64
		{955322E0-863C-4A3A-A02A-F41493298130}.Release|x64.Build.0 = Release|x64
		{955322E0-863C-4A3A-A02A-F41493298130}.Release|x86.ActiveCfg = Release|Win32
		{955322E0-863C-4A3A-A02A-F41493298130}.Release|x86.Build.0 = Release|Win32
		{506F76B2-C1F3-4A13-96CE-94D77887443D}.Debug|x64.ActiveCfg = Debug|x64
		{506F76B2-C1F3-4A13-96CE-94D77887443D}.Debug|x64.Build.0 = Debug|x64
		{506F76B2-C1F3-4A13-96CE-94D77887443D}.Debug|x86.ActiveCfg = Debug|Win32
		{506F76B2-C1F3-4A13-96CE-94D77887443D}.Debug|x86.Build.0 = Debug|Win32
		{506F76B2-C1F3-4A13-96CE-94D77887443D}.Release|x64.ActiveCfg = Release|x64
		{506F76B2-C1F3-4A13-96CE-94D77887443D}.Release|x64.Build.0 = Release|x64
		{506F76B2-C1F3-4A13-96CE-94D77887443D}.Release|x86.ActiveCfg = Release|Win32
		{506F76B2-C1F3-4A13-96CE-94D77887443D}.Release|x86.Build.0 = Release|Win32
		{23B76288-1A4F-4B84-8D7D-18E6DE66E42A}.Debug|x64.ActiveCfg = Debug|x64
		{23B76288-1A4F-4B84-8D7D-18E6DE66E42A}.Debug|x64.Build.0 = Debug|x64
		{23B76288-1A4F-4B84-8D7D-18E6DE66E42A}.Debug|x86.ActiveCfg = Debug|Win32
		{23B76288-1A4F-4B84-8D7D-18E6DE66E42A}.Debug|x86.Build.0 = Debug|Win32
		{23B76288-1A4F-4B84-8D7D-18E6DE66E42A}.Release|x64.ActiveCfg = Release|x64
		{23B76288-1A4F-4B84-8D7D-18E6DE66E42A}.Release|x64.Build.0 = Release|x64
		{23B76288-1A4F-4B84-8D7D-18E6DE66E42A}.Release|x86.ActiveCfg = Release|Win32
		{23B76288-1A4F-4B84-8D7D-18E6DE66E42A}.Release|x86.Build.0 = Release|Win32
		{D9D0BFB8-0F6F-4CF9-A5AB-B5EDC07E2550}.Debug|x64.ActiveCfg = Debug|x64
		{D9D0BFB8-0F6F-4CF9-A5AB-B5EDC07E2550}.Debug|x64.Build.0 = Debug|x64
		{D9D0BFB8-0F6F-4CF9-A5AB-B5EDC07E2550}.Debug|x86.ActiveCfg = Debug|Win32
		{D9D0BFB8-0F6F-4CF9-A5AB-B5EDC07E2550}.Debug|x86.Build.0 = Debug|Win32
		{D9D0BFB8-0F6F-4CF9-A5AB-B5EDC07E2550}.Release|x64.ActiveCfg = Release|x64
		{D9D0BFB8-0F6F-4CF9-A5AB-B5EDC07E2550}.Release|x64.Build.0 = Release|x64
		{D9D0BFB8-0F6F-4CF9-A5AB-B5EDC07E2550}.Release|x86.ActiveCfg = Release|Win32
		{D9D0BFB8-0F6F-4CF9-A5AB-B5EDC07E2550}.Release|x86.Build.0 = Release|Win32
		{374CE00A-7926-41C2-B895-4E8F1F75DFF3}.Debug|x64.ActiveCfg = Debug|x64
		{374CE00A-7926-41C2-B895-4E8F1F75DFF3}.Debug|x64.Build.0 = Debug|x64
		{374CE00A-7926-41C2-B895-4E8F1F75DFF3}.Debug|x86.ActiveCfg = Debug|Win32
		{374CE00A-7926-41C2-B895-4E8F1F75DFF3}.Debug|x86.Build.0 = Debug|Win32
		{374CE00A-7926-41C2-B895-4E8F1F75DFF3}.Release|x64.ActiveCfg = Release|x64
		{374CE00A-7926-41C2-B895-4E8F1F75DFF3}.Release|x64.Build.0 = Release|x64
		{374CE00A-7926-41C2-B895-4E8F1F75DFF3}.Release|x86.ActiveCfg = Release|Win32
		{374CE00A-7926-41C2-B895-4E8F1F75DFF3}.Release|x86.Build.0 = Release|Win32
		{EF922F0F-5914-4C35-9B0A-F93AA74E4854}.Debug|x64.ActiveCfg = Debug|x64
		{EF922F0F-5914-4C35-9B0A-F93AA74E4854}.Debug|x64.Build.0 = Debug|x64
		{EF922F0F-5914-4C35-9B0A-F93AA74E4854}.Debug|x86.ActiveCfg = Debug|Win32
		{EF922F0F-5914-4C35-9B0A-F93AA74E4854}.Debug|x86.Build.0 = Debug|Win32
		{EF922F0F-5914-4C35-9B0A-F93AA74E4854}.Release|x64.ActiveCfg = Release|x64
		{EF922F0F-5914-4C35-9B0A-F93AA74E4854}.Release|x64.Build.0 = Release|x64
		{EF922F0F-5914-4C35-9B0A-F93AA74E4854}.Release|x86.ActiveCfg = Release|Win32
		{EF922F0F-5914-4C35-9B0A-F93AA74E4854}.Release|x86.Build.0 = Release|Win32
		{6D1DB81B-6A87-48C1-BC50-E1EB15EED5F8}.Debug|x64.ActiveCfg = Debug|x64
		{6D1DB81B-6A87-48C1-BC50-E1EB15EED5F8}.Debug|x64.Build.0 = Debug|x64
		{6D1DB81B-6A87-48C1-BC50-E1EB15EED5F8}.Debug|x86.ActiveCfg = Debug|Win32
		{6D1DB81B-6A87-48C1-BC50-E1EB15EED5F8}.Debug|x86.Build.0 = Debug|Win32
		{6D1DB81B-6A87-48C1-BC50-E1EB15EED5F8}.Release|x64.ActiveCfg = Release|x64
		{6D1DB81B-6A87-48C1-BC50-E1EB15EED5F8}.Release|x64.Build.0 = Release|x64
		{6D1DB81B-6A87-48C1-BC50-E1EB15EED5F8}.Release|x86.ActiveCfg = Release|Win32
		{6D1DB81B-6A87-48C1-BC50-E1EB15EED5F8}.Release|x86.Build.0 = Release|Win32
		{6D7BB1EE-1158-4686-8033-DA90A88B118B}.Debug|x64.ActiveCfg = Debug|x64
		{6D7BB1EE-1158-4686-8033-DA90A88B118B}.Debug|x64.Build.0 = Debug|x64
		{6D7BB1EE-1158-4686-8033-DA90A88B118B}.Debug|x86.ActiveCfg = Debug|Win32
		{6D7BB1EE-1158-4686-8033-DA90A88B118B}.Debug|x86.Build.0 = Debug|Win32
		{6D7BB1EE-1158-4686-8033-DA90A88B118B}.Release|x64.ActiveCfg = Release|x64
		{6D7BB1EE-1158-4686-8033-DA90A88B118B}.Release|x64.Build.0 = Release|x64
		{6D7BB1EE-1158-4686-8033-DA90A88B118B}.Release|x86.ActiveCfg = Release|Win32
		{6D7BB1EE-1158-4686-8033-DA90A88B118B}.Release|x86.Build.0 = Release|Win32
		{32F219A8-DA3E-4525-AFF3-EF78933ED672}.Debug|x64.ActiveCfg = Debug|x64
		{32F219A8-DA3E-4525-AFF3-EF78933ED672}.Debug|x64.Build.0 = Debug|x64
		{32F219A8-DA3E-4525-AFF3-EF78933ED672}.Debug|x86.ActiveCfg = Debug|Win32
		{32F219A8-DA3E-4525-AFF3-EF78933ED672}.Debug|x86.Build.0 = Debug|Win32
		{32F219A8-DA3E-4525-AFF3-EF78933ED672}.Release|x64.ActiveCfg = Release|x64
		{32F219A8-DA3E-4525-AFF3-EF78933ED672}.Release|x64.Build.0 = Release|x64
		{32F219A8-DA3E-4525-AFF3-EF78933ED672}.Release|x86.ActiveCfg = Release|Win32
		{32F219A8-DA3E-4525-AFF3-EF78933ED672}.Release|x86.Build.0 = Release|Win32
		{347AA913-6A52-46CD-B4E3-379FDF72C445}.Debug|x64.ActiveCfg = Debug|x64
		{347AA913-6A52-46CD-B4E3-379FDF72C445}.Debug|x64.Build.0 = Debug|x64
		{347AA913-6A52-46CD-B4E3-379FDF72C445}.Debug|x86.ActiveCfg = Debug|Win32
		{347AA913-6A52-46CD-B4E3-379FDF72C445}.Debug|x86.Build.0 = Debug|Win32
		{347AA913-6A52-46CD-B4E3-379FDF72C445}.Release|x64.ActiveCfg = Release|x64
		{347AA913-6A52-46CD-B4E3-379FDF72C445}.Release|x64.Build.0 = Release|x64
		{347AA913-6A52-46CD-B4E3-379FDF72C445}.Release|x86.ActiveCfg = Release|Win32
		{347AA913-6A52-46CD-B4E3-379FDF72C445}.Release|x86.Build.0 = Release|Win32
		{74124305-2EFD-454B-9F15-CD639D8864FC}.Debug|x64.ActiveCfg = Debug|x64
		{74124305-2EFD-454B-9F15-CD639D8864FC}.Debug|x64.Build.0 = Debug|x64
		{74124305-2EFD-454B-9F15-CD639D8864FC}.Debug|x86.ActiveCfg = Debug|Win32
		{74124305-2EFD-454B-9F15-CD639D8864FC}.Debug|x86.Build.0 = Debug|Win32
		{74124305-2EFD-454B-9F15-CD639D8864FC}.Release|x64.ActiveCfg = Release|x64
		{74124305-2EFD-454B-9F15-CD639D8864FC}.Release|x64.Build.0 = Release|x64
		{74124305-2EFD-454B-9F15-CD639D8864FC}.Release|x86.ActiveCfg = Release|Win32
		{74124305-2EFD-454B-9F15-CD639D8864FC}.Release|x86.Build.0 = Release|Win32
		{A58E5C83-43C1-42ED-9883-5C643A3403E0}.Debug|x64.ActiveCfg = Debug|x64
		{A58E5C83-43C1-42ED-9883-5C643A3403E0}.Debug|x64.Build.0 = Debug|x64
		{A58E5C83-43C1-42ED-9883-5C643A3403E0}.Debug|x86.ActiveCfg = Debug|Win32
		{A58E5C83-43C1-42ED-9883-5C643A3403E0}.Debug|x86.Build.0 = Debug|Win32
		{A58E5C83-43C1-42ED-9883-5C643A3403E0}.Release|x64.ActiveCfg = Release|x64
		{A58E5C83-43C1-42ED-9883-5C643A3403E0}.Release|x64.Build.0 = Release|x64
		{A58E5C83-43C1-42ED-9883-5C643A3403E0}.Release|x86.ActiveCfg = Release|Win32
		{A58E5C83-43C1-42ED-9883-5C643A3403E0}.Release|x86.Build.0 = Release|Win32
		{1109E364-46A0-4D54-9C03-5487682CCAFC}.Debug|x64.ActiveCfg = Debug|x64
		{1109E364-46A0-4D54-9C03-5487682CCAFC}.Debug|x64.Build.0 = Debug|x64
		{1109E364-46A0-4D54-9C03-5487682CCAFC}.Debug|x86.ActiveCfg = Debug|Win32
		{1109E364-46A0-4D54-9C03-5487682CCAFC}.Debug|x86.Build.0 = Debug|Win32
		{1109E364-46A0-4D54-9C03-5487682CCAFC}.Release|x64.ActiveCfg = Release|x64
		{1109E364-46A0-4D54-9C03-5487682CCAFC}.Release|x64.Build.0 = Release|x64
		{1109E364-46A0-4D54-9C03-5487682CCAFC}.Release|x86.ActiveCfg = Release|Win32
		{1109E364-46A0-4D54-9C03-5487682CCAFC}.Release|x86.Build.0 = Release|Win32
		{AD090482-71AB-47B8-81FE-FEA4796A09FD}.Debug|x64.ActiveCfg = Debug|x64
		{AD090482-71AB-47B8-81FE-FEA4796A09FD}.Debug|x64.Build.0 = Debug|x64
		{AD090482-71AB-47B8-81FE-FEA4796A09FD}.Debug|x86.ActiveCfg = Debug|Win32
		{AD090482-71AB-47B8-81FE-FEA4796A09FD}.Debug|x86.Build.0 = Debug|Win32
		{AD090482-71AB-47B8-81FE-FEA4796A09FD}.Release|x64.ActiveCfg = Release|x64
		{AD090482-71AB-47B8-81FE-FEA4796A09FD}.Release|x64.Build.0 = Release|x64
		{AD090482-71AB-47B8-81FE-FEA4796A09FD}.Release|x86.ActiveCfg = Release|Win32
		{AD090482-71AB-47B8-81FE-FEA4796A09FD}.Release|x86.Build.0 = Release|Win32
		{666EF45F-6CDF-41FF-A196-65168B75190E}.Debug|x64.ActiveCfg = Debug|x64
		{666EF45F-6CDF-41FF-A196-65168B75190E}.Debug|x64.Build.0 = Debug|x64
		{666EF45F-6CDF-41FF-A196-65168B75190E}.Debug|x86.ActiveCfg = Debug|Win32
		{666EF45F-6CDF-41FF-A196-65168B75190E}.Debug|x86.Build.0 = Debug|Win32
		{666EF45F-6CDF-41FF-A196-65168B75190E}.Release|x64.ActiveCfg = Release|x64
		{666EF45F-6CDF-41FF-A196-65168B75190E}.Release|x64.Build.0 = Release|x64
		{666EF45F-6CDF-41FF-A196-65168B75190E}.Release|x86.ActiveCfg = Release|Win32
		{666EF45F-6CDF-41FF-A196-65168B75190E}.Release|x86.Build.0 = Release|Win32
		{DF43F090-4768-40CD-825C-055D2158E591}.Debug|x64.ActiveCfg = Debug|x64
		{DF43F090-4768-40CD-825C-055D2158E591}.Debug|x64.Build.0 = Debug|x64
		{DF43F090-4768-40CD-825C-055D2158E591}.Debug|x86.ActiveCfg = Debug|Win32
		{DF43F090-4768-40CD-825C-055D2158E591}.Debug|x86.Build.0 = Debug|Win32
		{DF43F090-4768-40CD-825C-055D2158E591}.Release|x64.ActiveCfg = Release|x64
		{DF43F090-4768-40CD-825C-055D2158E591}.Release|x64.Build.0 = Release|x64
		{DF43F090-4768-40CD-825C-055D2158E591}.Release|x86.ActiveCfg = Release|Win32
		{DF43F090-4768-40CD-825C-055D2158E591}.Release|x86.Build.0 = Release|Win32
		{9BF87FAD-8C8F-4978-9F1B-FAD8D4EB9B66}.Debug|x64.ActiveCfg = Debug|x64
		{9BF87FAD-8C8F-4978-9F1B-FAD8D4EB9B66}.Debug|x64.Build.0 = Debug|x64
		{9BF87FAD-8C8F-4978-9F1B-FAD8D4EB9B66}.Debug|x86.ActiveCfg = Debug|Win32
		{9BF87FAD-8C8F-4978-9F1B-FAD8D4EB9B66}.Debug|x86.Build.0 = Debug|Win32
		{9BF87FAD-8C8F-4978-9F1B-FAD8D4EB9B66}.Release|x64.ActiveCfg = Release|x64
		{9BF87FAD-8C8F-4978-9F1B-FAD8D4EB9B66}.Release|x64.Build.0 = Release|x64
		{9BF87FAD-8C8F-4978-9F1B-FAD8D4EB9B66}.Release|x86.ActiveCfg = Release|Win32
		{9BF87FAD-8C8F-4978-9F1B-FAD8D4EB9B66}.Release|x86.Build.0 = Release|Win32
		{234EED06-7BC5-4F29-963D-EF94AE4497B4}.Debug|x64.ActiveCfg = Debug|x64
		{234EED06-7BC5-4F29-963D-EF94AE4497B4}.Debug|x64.Build.0 = Debug|x64
		{234EED06-7BC5-4F29-963D-EF94AE4497B4}.Debug|x86.ActiveCfg = Debug|Win32
		{234EED06-7BC5-4F29-963D-EF94AE4497B4}.Debug|x86.Build.0 = Debug|Win32
		{234EED06-7BC5-4F29-963D-EF94AE4497B4}.Release|x64.ActiveCfg = Release|x64
		{234EED06-7BC5-4F29-963D-EF94AE4497B4}.Release|x64.Build.0 = Release|x64
		{234EED06-7BC5-4F29-963D-EF94AE4497B4}.Release|x86.ActiveCfg = Release|Win32
		{234EED06-7BC5-4F29-963D-EF94AE4497B4}.Release|x86.Build.0 = Release|Win32
		{CEB21917-11FF-4B83-B8EE-12CA135C8D3D}.Debug|x64.ActiveCfg = Debug|x64
		{CEB21917-11FF-4B83-B8EE-12CA135C8D3D}.Debug|x64.Build.0 = Debug|x64
		{CEB21917-11FF-4B83-B8EE-12CA135C8D3D}.Debug|x86.ActiveCfg = Debug|Win32
		{CEB21917-11FF-4B83-B8EE-12CA135C8D3D}.Debug|x86.Build.0 = Debug|Win32
		{CEB21917-11FF-4B83-B8EE-12CA135C8D3D}.Release|x64.ActiveCfg = Release|x64
		{CEB21917-11FF-4B83-B8EE-12CA135C8D3D}.Release|x64.Build.0 = Release|x64
		{CEB21917-11FF-4B83-B8EE-12CA135C8D3D}.Release|x86.ActiveCfg = Release|Win32
		{CEB21917-11FF-4B83-B8EE-12CA135C8D3D}.Release|x86.Build.0 = Release|Win32
		{6421E3F7-6575-4308-A1E5-18A15094D093}.Debug|x64.ActiveCfg = Debug|x64
		{6421E3F7-6575-4308-A1E5-18A15094D093}.Debug|x64.Build.0 = Debug|x64
		{6421E3F7-6575-4308-A1E5-18A15094D093}.Debug|x86.ActiveCfg = Debug|Win32
		{6421E3F7-6575-4308-A1E5-18A15094D093}.Debug|x86.Build.0 = Debug|Win32
		{6421E3F7-6575-4308-A1E5-18A15094D093}.Release|x64.ActiveCfg = Release|x64
		{6421E3F7-6575-4308-A1E5-18A15094D093}.Release|x64.Build.0 = Release|x64
		{6421E3F7-6575-4308-A1E5-18A15094D093}.Release|x86.ActiveCfg = Release|Win32
		{6421E3F7-6575-4308-A1E5-18A15094D093}.Release|x86.Build.0 = Release|Win32
		{B87AE011-4920-4C12-AFE9-5D1823BA3AAC}.Debug|x64.ActiveCfg = Debug|x64
		{B87AE011-4920-4C12-AFE9-5D1823BA3AAC}.Debug|x64.Build.0 = Debug|x64
		{B87AE011-4920-4C12-AFE9-5D1823BA3AAC}.Debug|x86.ActiveCfg = Debug|Win32
		{B87AE011-4920-4C12-AFE9-5D1823BA3AAC}.Debug|x86.Build.0 = Debug|Win32
		{B87AE011-4920-4C12-AFE9-5D1823BA3AAC}.Release|x64.ActiveCfg = Release|x64
		{B87AE011-4920-4C12-AFE9-5D1823BA3AAC}.Release|x64.Build.0 = Release|x64
		{B87AE011-4920-4C12-AFE9-5D1823BA3AAC}.Release|x86.ActiveCfg = Release|Win32
		{B87AE011-4920-4C12-AFE9-5D1823BA3AAC}.Release|x86.Build.0 = Release|Win32
		{FCDC40B9-9C3B-4806-BEAB-07D80F98D907}.Debug|x64.ActiveCfg = Debug|x64
		{FCDC40B9-9C3B-4806-BEAB-07D80F98D907}.Debug|x64.Build.0 = Debug|x64
		{FCDC40B9-9C3B-4806-BEAB-07D80F98D907}.Debug|x86.ActiveCfg = Debug|Win32
		{FCDC40B9-9C3B-4806-BEAB-07D80F98D907}.Debug|x86.Build.0 = Debug|Win32
		{FCDC40B9-9C3B-4806-BEAB-07D80F98D907}.Release|x64.ActiveCfg = Release|x64
		{FCDC40B9-9C3B-4806-BEAB-07D80F98D907}.Release|x64.Build.0 = Release|x64
		{FCDC40B9-9C3B-4806-BEAB-07D80F98D907}.Release|x86.ActiveCfg = Release|Win32
		{FCDC40B9-9C3B-4806-BEAB-07D80F98D907}.Release|x86.Build.0 = Release|Win32
		{7DA01D6C-1DE0-4F83-A915-7D9ABAB6B4F7}.Debug|x64.ActiveCfg = Debug|x64
		{7DA01D6C-1DE0-4F83-A915-7D9ABAB6B4F7}.Debug|x64.Build.0 = Debug|x64
		{7DA01D6C-1DE0-4F83-A915-7D9ABAB6B4F7}.Debug|x86.ActiveCfg = Debug|Win32
		{7DA01D6C-1DE0-4F83-A915-7D9ABAB6B4F7}.Debug|x86.Build.0 = Debug|Win32
		{7DA01D6C-1DE0-4F83-A915-7D9ABAB6B4F7}.Release|x64.ActiveCfg = Release|x64
		{7DA01D6C-1DE0-4F83-A915-7D9ABAB6B4F7}.Release|x64.Build.0 = Release|x64
		{7DA01D6C-1DE0-4F83-A915-7D9ABAB6B4F7}.Release|x86.ActiveCfg = Release|Win32
		{7DA01D6C-1DE0-4F83-A915-7D9ABAB6B4F7}.Release|x86.Build.0 = Release|Win32
		{D2A89309-4131-495F-9A3C-73E63EB70D82}.Debug|x64.ActiveCfg = Debug|x64
		{D2A89309-4131-495F-9A3C-73E63EB70D82}.Debug|x64.Build.0 = Debug|x64
		{D2A89309-4131-495F-9A3C-73E63EB70D82}.Debug|x86.ActiveCfg = Debug|Win32
		{D2A89309-4131-495F-9A3C-73E63EB70D82}.Debug|x86.Build.0 = Debug|Win32
		{D2A89309-4131-495F-9A3C-73E63EB70D82}.Release|x64.ActiveCfg = Release|x64
		{D2A89309-4131-495F-9A3C-73E63EB70D82}.Release|x64.Build.0 = Release|x64
		{D2A89309-4131-495F-9A3C-73E63EB70D82}.Release|x86.ActiveCfg = Release|Win32
		{D2A89309-4131-495F-9A3C-73E63EB70D82}.Release|x86.Build.0 = Release|Win32
		{BAD0242E-AD6A-45E9-AE75-67E6DE9E6D3D}.Debug|x64.ActiveCfg = Debug|x64
		{BAD0242E-AD6A-45E9-AE75-67E6DE9E6D3D}.Debug|x64.Build.0 = Debug|x64
		{BAD0242E-AD6A-45E9-AE75-67E6DE9E6D3D}.Debug|x86.ActiveCfg = Debug|Win32
		{BAD0242E-AD6A-45E9-AE75-67E6DE9E6D3D}.Debug|x86.Build.0 = Debug|Win32
		{BAD0242E-AD6A-45E9-AE75-67E6DE9E6D3D}.Release|x64.ActiveCfg = Release|x64
		{BAD0242E-AD6A-45E9-AE75-67E6DE9E6D3D}.Release|x64.Build.0 = Release|x64
		{BAD0242E-AD6A-45E9-AE75-67E6DE9E6D3D}.Release|x86.ActiveCfg = Release|Win32
		{BAD0242E-AD6A-45E9-AE75-67E6DE9E6D3D}.Release|x86.Build.0 = Release|Win32
		{86FD3AEC-0D66-4D33-AB38-91863CFB507A}.Debug|x64.ActiveCfg = Debug|x64
		{86FD3AEC-0D66-4D33-AB38-91863CFB507A}.Debug|x64.Build.0 = Debug|x64
		{86FD3AEC-0D66-4D33-AB38-91863CFB507A}.Debug|x86.ActiveCfg = Debug|Win32
		{86FD3AEC-0D66-4D33-AB38-91863CFB507A}.Debug|x86.Build.0 = Debug|Win32
		{86FD3AEC-0D66-4D33-AB38-91863CFB507A}.Release|x64.ActiveCfg = Release|x64
		{86FD3AEC-0D66-4D33-AB38-91863CFB507A}.Release|x64.Build.0 = Release|x64
		{86FD3AEC-0D66-4D33-AB38-91863CFB507A}.Release|x86.ActiveCfg = Release|Win32
		{86FD3AEC-0D66-4D33-AB38-91863CFB507A}.Release|x86.Build.0 = Release|Win32
		{34AFB9E9-0C32-4A36-8625-5956030FEC78}.Debug|x64.ActiveCfg = Debug|x64
		{34AFB9E9-0C32-4A36-8625-5956030FEC78}.Debug|x64.Build.0 = Debug|x64
		{34AFB9E9-0C32-4A36-8625-5956030FEC78}.Debug|x86.ActiveCfg = Debug|Win32
		{34AFB9E9-0C32-4A36-8625-5956030FEC78}.Debug|x86.Build.0 = Debug|Win32
		{34AFB9E9-0C32-4A36-8625-5956030FEC78}.Release|x64.ActiveCfg = Release|x64
		{34AFB9E9-0C32-4A36-8625-5956030FEC78}.Release|x64.Build.0 = Release|x64
		{34AFB9E9-0C32-4A36-8625-5956030FEC78}.Release|x86.ActiveCfg = Release|Win32
		{34AFB9E9-0C32-4A36-8625-5956030FEC78}.Release|x86.Build.0 = Release|Win32
		{4ADAE562-F9A5-4BA4-9AE9-C9527D1FDEF8}.Debug|x64.ActiveCfg = Debug|x64
		{4ADAE562-F9A5-4BA4-9AE9-C9527D1FDEF8}.Debug|x64.Build.0 = Debug|x64
		{4ADAE562-F9A5-4BA4-9AE9-C9527D1FDEF8}.Debug|x86.ActiveCfg = Debug|Win32
		{4ADAE562-F9A5-4BA4-9AE9-C9527D1FDEF8}.Debug|x86.Build.0 = Debug|Win32
		{4ADAE562-F9A5-4BA4-9AE9-C9527D1FDEF8}.Release|x64.ActiveCfg = Release|x64
		{4ADAE562-F9A5-4BA4-9AE9-C9527D1FDEF8}.Release|x64.Build.0 = Release|x64
		{4ADAE562-F9A5-4BA4-9AE9-C9527D1FDEF8}.Release|x86.ActiveCfg = Release|Win32
		{4ADAE562-F9A5-4BA4-9AE9-C9527D1FDEF8}.Release|x86.Build.0 = Release|Win32
		{5245F85A-8DED-4C06-9738-5CF794C35B1E}.Debug|x64.ActiveCfg = Debug|x64
		{5245F85A-8DED-4C06-9738-5CF794C35B1E}.Debug|x64.Build.0 = Debug|x64
		{5245F85A-8DED-4C06-9738-5CF794C35B1E}.Debug|x86.ActiveCfg = Debug|Win32
		{5245F85A-8DED-4C06-9738-5CF794C35B1E}.Debug|x86.Build.0 = Debug|Win32
		{5245F85A-8DED-4C06-9738-5CF794C35B1E}.Release|x64.ActiveCfg = Release|x64
		{5245F85A-8DED-4C06-9738-5CF794C35B1E}.Release|x64.Build.0 = Release|x64
		{5245F85A-8DED-4C06-9738-5CF794C35B1E}.Release|x86.ActiveCfg = Release|Win32
		{5245F85A-8DED-4C06-9738-5CF794C35B1E}.Release|x86.Build.0 = Release|Win32
		{8A07BCB3-BB61-41A8-BDB4-D5E3F08B518B}.Debug|x64.ActiveCfg = Debug|x64
		{8A07BCB3-BB61-41A8-BDB4-D5E3F08B518B}.Debug|x64.Build.0 = Debug|x64
		{8A07BCB3-BB61-41A8-BDB4-D5E3F08B518B}.Debug|x86.ActiveCfg = Debug|Win32
		{8A07BCB3-BB61-41A8-BDB4-D5E3F08B518B}.Debug|x86.Build.0 = Debug|Win32
		{8A07BCB3-BB61-41A8-BDB4-D5E3F08B518B}.Release|x64.ActiveCfg = Release|x64
		{8A07BCB3-BB61-41A8-BDB4-D5E3F08B518B}.Release|x64.Build.0 = Release|x64
		{8A07BCB3-BB61-41A8-BDB4-D5E3F08B518B}.Release|x86.ActiveCfg = Release|Win32
		{8A07BCB3-BB61-41A8-BDB4-D5E3F08B518B}.Release|x86.Build.0 = Release|Win32
		{F2320705-195C-4CBB-8C51-ACF94911FCA6}.Debug|x64.ActiveCfg = Debug|x64
		{F2320705-195C-4CBB-8C51-ACF94911FCA6}.Debug|x64.Build.0 = Debug|x64
		{F2320705-195C-4CBB-8C51-ACF94911FCA6}.Debug|x86.ActiveCfg = Debug|Win32
		{F2320705-195C-4CBB-8C51-ACF94911FCA6}.Debug|x86.Build.0 = Debug|Win32
		{F2320705-195C-4CBB-8C51-ACF94911FCA6}.Release|x64.ActiveCfg = Release|x64
		{F2320705-195C-4CBB-8C51-ACF94911FCA6}.Release|x64.Build.0 = Release|x64
		{F2320705-195C-4CBB-8C51-ACF94911FCA6}.Release|x86.ActiveCfg = Release|Win32
		{F2320705-195C-4CBB-8C51-ACF94911FCA6}.Release|x86.Build.0 = Release|Win32
		{915DB667-161A-43B8-96F4-4B16C148C021}.Debug|x64.ActiveCfg = Debug|x64
		{915DB667-161A-43B8-96F4-4B16C148C021}.Debug|x64.Build.0 = Debug|x64
		{915DB667-161A-43B8-96F4-4B16C148C021}.Debug|x86.ActiveCfg = Debug|Win32
		{915DB667-161A-43B8-96F4-4B16C148C021}.Debug|x86.Build.0 = Debug|Win32
		{915DB667-161A-43B8-96F4-4B16C148C021}.Release|x64.ActiveCfg = Release|x64
		{915DB667-161A-43B8-96F4-4B16C148C021}.Release|x64.Build.0 = Release|x64
		{915DB667-161A-43B8-96F4-4B16C148C021}.Release|x86.ActiveCfg = Release|Win32
		{915DB667-161A-43B8-96F4-4B16C148C021}.Release|x86.Build.0 = Release|Win32
		{0376A99C-2608-47A9-A722-2840E33DFA5E}.Debug|x64.ActiveCfg = Debug|x64
		{0376A99C-2608-47A9-A722-2840E33DFA5E}.Debug|x64.Build.0 = Debug|x64
		{0376A99C-2608-47A9-A722-2840E33DFA5E}.Debug|x86.ActiveCfg = Debug|Win32
		{0376A99C-2608-47A9-A722-2840E33DFA5E}.Debug|x86.Build.0 = Debug|Win32
		{0376A99C-2608-47A9-A722-2840E33DFA5E}.Release|x64.ActiveCfg = Release|x64
		{0376A99C-2608-47A9-A722-2840E33DFA5E}.Release|x64.Build.0 = Release|x64
		{0376A99C-2608-47A9-A722-2840E33DFA5E}.Release|x86.ActiveCfg = Release|Win32
		{0376A99C-2608-47A9-A722-2840E33DFA5E}.Release|x86.Build.0 = Release|Win32
		{FF21E5D8-A93C-4D5B-97B4-DD58F42B2253}.Debug|x64.ActiveCfg = Debug|x64
		{FF21E5D8-A93C-4D5B-97B4-DD58F42B2253}.Debug|x64.Build.0 = Debug|x64
		{FF21E5D8-A93C-4D5B-97B4-DD58F42B2253}.Debug|x86.ActiveCfg = Debug|Win32
		{FF21E5D8-A93C-4D5B-97B4-DD58F42B2253}.Debug|x86.Build.0 = Debug|Win32
		{FF21E5D8-A93C-4D5B-97B4-DD58F42B2253}.Release|x64.ActiveCfg = Release|x64
		{FF21E5D8-A93C-4D5B-97B4-DD58F42B2253}.Release|x64.Build.0 = Release|x64
		{FF21E5D8-A93C-4D5B-97B4-DD58F42B2253}.Release|x86.ActiveCfg = Release|Win32
		{FF21E5D8-A93C-4D5B-97B4-DD58F42B2253}.Release|x86.Build.0 = Release|Win32
		{A6DCA6C0-BE3C-4A4D-87F6-E6DC1877C5AF}.Debug|x64.ActiveCfg = Debug|x64
		{A6DCA6C0-BE3C-4A4D-87F6-E6DC1877C5AF}.Debug|x64.Build.0 = Debug|x64
		{A6DCA6C0-BE3C-4A4D-87F6-E6DC1877C5AF}.Debug|x86.ActiveCfg = Debug|Win32
		{A6DCA6C0-BE3C-4A4D-87F6-E6DC1877C5AF}.Debug|x86.Build.0 = Debug|Win32
		{A6DCA6C0-BE3C-4A4D-87F6-E6DC1877C5AF}.Release|x64.ActiveCfg = Release|x64
		{A6DCA6C0-BE3C-4A4D-87F6-E6DC1877C5AF}.Release|x64.Build.0 = Release|x64
		{A6DCA6C0-BE3C-4A4D-87F6-E6DC1877C5AF}.Release|x86.ActiveCfg = Release|Win32
		{A6DCA6C0-BE3C-4A4D-87F6-E6DC1877C5AF}.Release|x86.Build.0 = Release|Win32
		{275FF708-F686-4234-A9B2-9C5398E5908D}.Debug|x64.ActiveCfg = Debug|x64
		{275FF708-F686-4234-A9B2-9C5398E5908D}.Debug|x64.Build.0 = Debug|x64
		{275FF708-F686-4234-A9B2-9C5398E5908D}.Debug|x86.ActiveCfg = Debug|Win32
		{275FF708-F686-4234-A9B2-9C5398E5908D}.Debug|x86.Build.0 = Debug|Win32
		{275FF708-F686-4234-A9B2-9C5398E5908D}.Release|x64.ActiveCfg = Release|x64
		{275FF708-F686-4234-A9B2-9C5398E5908D}.Release|x64.Build.0 = Release|x64
		{275FF708-F686-4234-A9B2-9C5398E5908D}.Release|x86.ActiveCfg = Release|Win32
		{275FF708-F686-4234-A9B2-9C5398E5908D}.Release|x86.Build.0 = Release|Win32
	EndGlobalSection
	GlobalSection(SolutionProperties) = preSolution
		HideSolutionNode = FALSE
	EndGlobalSection
	GlobalSection(NestedProjects) = preSolution
		{CF303E78-E414-4718-A56C-1270A4F36989} = {236E8711-34BA-4369-B0F1-B7DFBCA87909}
		{1A4AE7C2-6D8C-4307-9580-0B49D39A1279} = {236E8711-34BA-4369-B0F1-B7DFBCA87909}
		{FA55DE1C-BE49-460C-B027-894A1893A8DC} = {76A6F0EF-C39A-4747-9915-CFC265F3AE0E}
		{286BAB28-CFDE-4486-8A8C-2F59BAE2C50F} = {76A6F0EF-C39A-4747-9915-CFC265F3AE0E}
		{0FF8665D-367C-4771-9BB1-285FEB0804ED} = {236E8711-34BA-4369-B0F1-B7DFBCA87909}
		{F08D9015-C12B-4591-A858-9C2B8737EE81} = {236E8711-34BA-4369-B0F1-B7DFBCA87909}
		{82F3552A-0BE3-41D3-902D-180A13C0AC42} = {236E8711-34BA-4369-B0F1-B7DFBCA87909}
		{B63F64F8-5E6E-44AF-816B-E0BD4649297B} = {236E8711-34BA-4369-B0F1-B7DFBCA87909}
		{767A9AA3-6A3F-4AC3-B985-950761C04F38} = {236E8711-34BA-4369-B0F1-B7DFBCA87909}
		{81F44E57-DCE5-4CF7-9FBF-BC4E6C3913E9} = {236E8711-34BA-4369-B0F1-B7DFBCA87909}
		{23B4B831-8F59-457E-9CEB-E0A6F918F6FC} = {236E8711-34BA-4369-B0F1-B7DFBCA87909}
		{18AC0AA2-2917-47CD-A882-9D78320F97A1} = {75B1D672-34F7-43ED-A701-78D1F9CDCA38}
		{092E639B-6C07-4CE9-8D6B-400718B1FE2F} = {75B1D672-34F7-43ED-A701-78D1F9CDCA38}
		{1654FB8A-E6C8-44A2-A0C2-DF6BB68A5F76} = {75B1D672-34F7-43ED-A701-78D1F9CDCA38}
		{0646724F-1B55-4373-B93B-8FB2AE5EFAA6} = {75B1D672-34F7-43ED-A701-78D1F9CDCA38}
		{2352A9A5-4A8F-4B5F-88B4-D5807DA0CBFA} = {75B1D672-34F7-43ED-A701-78D1F9CDCA38}
		{7627086F-403F-4067-88F8-8CB5423DAD92} = {75B1D672-34F7-43ED-A701-78D1F9CDCA38}
		{2C225E38-622F-4AAD-9F65-B47A812B0BC8} = {75B1D672-34F7-43ED-A701-78D1F9CDCA38}
		{1271DCC7-93EF-4AFF-BD5C-47E8634F7C5C} = {75B1D672-34F7-43ED-A701-78D1F9CDCA38}
		{3C291862-C6C2-408C-826D-A47FA11B5101} = {75B1D672-34F7-43ED-A701-78D1F9CDCA38}
		{FB24FD5A-477B-4DF8-BB59-D375C4652B8A} = {75B1D672-34F7-43ED-A701-78D1F9CDCA38}
		{CD62553F-E3CA-4C88-8D07-CCA3487448A3} = {D8013AB3-1115-44D6-960D-102246E31656}
		{B1585573-3345-4E53-AE9D-7EE2222C9010} = {D8013AB3-1115-44D6-960D-102246E31656}
		{64139F9B-0EDF-4D3A-85F7-BBC3805C2B8B} = {D8013AB3-1115-44D6-960D-102246E31656}
		{015467D2-253E-4B90-8956-059E2790BE80} = {D8013AB3-1115-44D6-960D-102246E31656}
		{3FDA9512-414E-4A28-97E5-D6DDAD5F0028} = {D8013AB3-1115-44D6-960D-102246E31656}
		{E73090F4-3F79-4854-9EBC-87DC7A589477} = {D8013AB3-1115-44D6-960D-102246E31656}
		{0D999187-72FB-4541-A4C1-0CEB0055D3F4} = {D8013AB3-1115-44D6-960D-102246E31656}
		{B3A0782D-2BA0-49CD-BCF6-2964A1913CC1} = {D8013AB3-1115-44D6-960D-102246E31656}
		{AEDFD369-5173-4D46-AD1D-A9B8466DCE71} = {D8013AB3-1115-44D6-960D-102246E31656}
		{7E617CCE-A059-4E3E-AD31-DEFEA03A08F9} = {A6813C2C-FEA0-41D5-B8B6-BE39D97B9A64}
		{6D6DE5BF-B835-438B-9122-6FF3097E87C7} = {A6813C2C-FEA0-41D5-B8B6-BE39D97B9A64}
		{E2E482D0-A3DC-4C5F-B472-ABF9B05D16D3} = {A6813C2C-FEA0-41D5-B8B6-BE39D97B9A64}
		{6DA02007-B2E6-4E2A-ACC2-DD517CF97C78} = {A6813C2C-FEA0-41D5-B8B6-BE39D97B9A64}
		{8C362A75-ABB3-40A5-9FED-7C0B4E47BFA3} = {A6813C2C-FEA0-41D5-B8B6-BE39D97B9A64}
		{C0A35598-80DB-4293-99EE-D290EB362D74} = {A6813C2C-FEA0-41D5-B8B6-BE39D97B9A64}
		{A83514AE-9E5E-48F5-811A-656171EAB04C} = {A6813C2C-FEA0-41D5-B8B6-BE39D97B9A64}
		{29308601-1C1F-4568-B5FC-309774991AD8} = {A6813C2C-FEA0-41D5-B8B6-BE39D97B9A64}
		{011B5005-2248-4079-A525-EE5600DC7194} = {A6813C2C-FEA0-41D5-B8B6-BE39D97B9A64}
		{0BCDBB2D-A58C-4123-97BC-2502F62BBAF0} = {A6813C2C-FEA0-41D5-B8B6-BE39D97B9A64}
		{79B5F981-73A0-4CFF-BAAE-E98B244F7118} = {A6813C2C-FEA0-41D5-B8B6-BE39D97B9A64}
		{62F7FE32-4A11-4C83-9DAA-DAEEBED2A5A1} = {A6813C2C-FEA0-41D5-B8B6-BE39D97B9A64}
		{955322E0-863C-4A3A-A02A-F41493298130} = {A6813C2C-FEA0-41D5-B8B6-BE39D97B9A64}
		{506F76B2-C1F3-4A13-96CE-94D77887443D} = {A6813C2C-FEA0-41D5-B8B6-BE39D97B9A64}
		{23B76288-1A4F-4B84-8D7D-18E6DE66E42A} = {A6813C2C-FEA0-41D5-B8B6-BE39D97B9A64}
		{D9D0BFB8-0F6F-4CF9-A5AB-B5EDC07E2550} = {A6813C2C-FEA0-41D5-B8B6-BE39D97B9A64}
		{374CE00A-7926-41C2-B895-4E8F1F75DFF3} = {A6813C2C-FEA0-41D5-B8B6-BE39D97B9A64}
		{EF922F0F-5914-4C35-9B0A-F93AA74E4854} = {A6813C2C-FEA0-41D5-B8B6-BE39D97B9A64}
		{6D1DB81B-6A87-48C1-BC50-E1EB15EED5F8} = {A6813C2C-FEA0-41D5-B8B6-BE39D97B9A64}
		{6D7BB1EE-1158-4686-8033-DA90A88B118B} = {A6813C2C-FEA0-41D5-B8B6-BE39D97B9A64}
		{32F219A8-DA3E-4525-AFF3-EF78933ED672} = {A6813C2C-FEA0-41D5-B8B6-BE39D97B9A64}
		{347AA913-6A52-46CD-B4E3-379FDF72C445} = {A6813C2C-FEA0-41D5-B8B6-BE39D97B9A64}
		{74124305-2EFD-454B-9F15-CD639D8864FC} = {967BF695-7723-4FE8-98D3-6063119A4749}
		{A58E5C83-43C1-42ED-9883-5C643A3403E0} = {967BF695-7723-4FE8-98D3-6063119A4749}
		{1109E364-46A0-4D54-9C03-5487682CCAFC} = {967BF695-7723-4FE8-98D3-6063119A4749}
		{AD090482-71AB-47B8-81FE-FEA4796A09FD} = {967BF695-7723-4FE8-98D3-6063119A4749}
		{666EF45F-6CDF-41FF-A196-65168B75190E} = {967BF695-7723-4FE8-98D3-6063119A4749}
		{DF43F090-4768-40CD-825C-055D2158E591} = {967BF695-7723-4FE8-98D3-6063119A4749}
		{9BF87FAD-8C8F-4978-9F1B-FAD8D4EB9B66} = {967BF695-7723-4FE8-98D3-6063119A4749}
		{234EED06-7BC5-4F29-963D-EF94AE4497B4} = {967BF695-7723-4FE8-98D3-6063119A4749}
		{CEB21917-11FF-4B83-B8EE-12CA135C8D3D} = {967BF695-7723-4FE8-98D3-6063119A4749}
		{6421E3F7-6575-4308-A1E5-18A15094D093} = {967BF695-7723-4FE8-98D3-6063119A4749}
		{B87AE011-4920-4C12-AFE9-5D1823BA3AAC} = {967BF695-7723-4FE8-98D3-6063119A4749}
		{FCDC40B9-9C3B-4806-BEAB-07D80F98D907} = {967BF695-7723-4FE8-98D3-6063119A4749}
		{7DA01D6C-1DE0-4F83-A915-7D9ABAB6B4F7} = {967BF695-7723-4FE8-98D3-6063119A4749}
		{D2A89309-4131-495F-9A3C-73E63EB70D82} = {967BF695-7723-4FE8-98D3-6063119A4749}
		{BAD0242E-AD6A-45E9-AE75-67E6DE9E6D3D} = {967BF695-7723-4FE8-98D3-6063119A4749}
		{86FD3AEC-0D66-4D33-AB38-91863CFB507A} = {967BF695-7723-4FE8-98D3-6063119A4749}
		{34AFB9E9-0C32-4A36-8625-5956030FEC78} = {D3B1567D-C1F6-4263-A4E9-14F8AC67AC3B}
		{4ADAE562-F9A5-4BA4-9AE9-C9527D1FDEF8} = {D3B1567D-C1F6-4263-A4E9-14F8AC67AC3B}
		{5245F85A-8DED-4C06-9738-5CF794C35B1E} = {D3B1567D-C1F6-4263-A4E9-14F8AC67AC3B}
		{8A07BCB3-BB61-41A8-BDB4-D5E3F08B518B} = {D3B1567D-C1F6-4263-A4E9-14F8AC67AC3B}
		{F2320705-195C-4CBB-8C51-ACF94911FCA6} = {D3B1567D-C1F6-4263-A4E9-14F8AC67AC3B}
		{915DB667-161A-43B8-96F4-4B16C148C021} = {D3B1567D-C1F6-4263-A4E9-14F8AC67AC3B}
		{0376A99C-2608-47A9-A722-2840E33DFA5E} = {D3B1567D-C1F6-4263-A4E9-14F8AC67AC3B}
		{FF21E5D8-A93C-4D5B-97B4-DD58F42B2253} = {D3B1567D-C1F6-4263-A4E9-14F8AC67AC3B}
		{A6DCA6C0-BE3C-4A4D-87F6-E6DC1877C5AF} = {D3B1567D-C1F6-4263-A4E9-14F8AC67AC3B}
		{275FF708-F686-4234-A9B2-9C5398E5908D} = {D3B1567D-C1F6-4263-A4E9-14F8AC67AC3B}
	EndGlobalSection
	GlobalSection(ExtensibilityGlobals) = postSolution
		SolutionGuid = {0535FDCB-7BBB-4D46-9FEC-70574108DCEE}
	EndGlobalSection
EndGlobal
